// !$*UTF8*$!
{
	archiveVersion = 1;
	classes = {
	};
	objectVersion = 56;
	objects = {

/* Begin PBXBuildFile section */
		277AF1E32C5F5FC100270AAE /* WeatherAppApp.swift in Sources */ = {isa = PBXBuildFile; fileRef = 277AF1E22C5F5FC100270AAE /* WeatherAppApp.swift */; };
		277AF1E72C5F5FC300270AAE /* Assets.xcassets in Resources */ = {isa = PBXBuildFile; fileRef = 277AF1E62C5F5FC300270AAE /* Assets.xcassets */; };
		277AF1EA2C5F5FC300270AAE /* Preview Assets.xcassets in Resources */ = {isa = PBXBuildFile; fileRef = 277AF1E92C5F5FC300270AAE /* Preview Assets.xcassets */; };
		277AF1EC2C5F5FC300270AAE /* Persistence.swift in Sources */ = {isa = PBXBuildFile; fileRef = 277AF1EB2C5F5FC300270AAE /* Persistence.swift */; };
		277AF1EF2C5F5FC300270AAE /* WeatherApp.xcdatamodeld in Sources */ = {isa = PBXBuildFile; fileRef = 277AF1ED2C5F5FC300270AAE /* WeatherApp.xcdatamodeld */; };
		277AF1F82C5F63DB00270AAE /* CitiesView.swift in Sources */ = {isa = PBXBuildFile; fileRef = 277AF1F72C5F63DB00270AAE /* CitiesView.swift */; };
		277AF1FA2C5F6E9D00270AAE /* CitiesViewModel.swift in Sources */ = {isa = PBXBuildFile; fileRef = 277AF1F92C5F6E9D00270AAE /* CitiesViewModel.swift */; };
		277AF1FD2C5F6F0100270AAE /* CityCellView.swift in Sources */ = {isa = PBXBuildFile; fileRef = 277AF1FC2C5F6F0100270AAE /* CityCellView.swift */; };
		277AF2002C5F6F2A00270AAE /* CityCellViewModel.swift in Sources */ = {isa = PBXBuildFile; fileRef = 277AF1FF2C5F6F2A00270AAE /* CityCellViewModel.swift */; };
		277AF2032C5F708B00270AAE /* CoreDataManager.swift in Sources */ = {isa = PBXBuildFile; fileRef = 277AF2022C5F708B00270AAE /* CoreDataManager.swift */; };
		277AF2062C5F867900270AAE /* City.swift in Sources */ = {isa = PBXBuildFile; fileRef = 277AF2052C5F867900270AAE /* City.swift */; };
		277AF2092C5F9A1D00270AAE /* CityDetailView.swift in Sources */ = {isa = PBXBuildFile; fileRef = 277AF2082C5F9A1D00270AAE /* CityDetailView.swift */; };
		277AF2102C5F9B7A00270AAE /* APIEndpoint.swift in Sources */ = {isa = PBXBuildFile; fileRef = 277AF20A2C5F9B7A00270AAE /* APIEndpoint.swift */; };
		277AF2122C5F9B7A00270AAE /* CityWeatherDetailsEndpoint.swift in Sources */ = {isa = PBXBuildFile; fileRef = 277AF20C2C5F9B7A00270AAE /* CityWeatherDetailsEndpoint.swift */; };
		277AF2132C5F9B7A00270AAE /* ConfigurationManager.swift in Sources */ = {isa = PBXBuildFile; fileRef = 277AF20D2C5F9B7A00270AAE /* ConfigurationManager.swift */; };
		277AF2142C5F9B7A00270AAE /* Network.swift in Sources */ = {isa = PBXBuildFile; fileRef = 277AF20E2C5F9B7A00270AAE /* Network.swift */; };
		277AF21B2C5F9E7300270AAE /* APIError.swift in Sources */ = {isa = PBXBuildFile; fileRef = 277AF2152C5F9E7300270AAE /* APIError.swift */; };
		277AF21D2C5F9E7300270AAE /* PresenterState.swift in Sources */ = {isa = PBXBuildFile; fileRef = 277AF2172C5F9E7300270AAE /* PresenterState.swift */; };
		277AF21E2C5F9E7300270AAE /* ProgressViewManager.swift in Sources */ = {isa = PBXBuildFile; fileRef = 277AF2182C5F9E7300270AAE /* ProgressViewManager.swift */; };
		277AF2212C5FA1F200270AAE /* CityDetailViewModel.swift in Sources */ = {isa = PBXBuildFile; fileRef = 277AF2202C5FA1F200270AAE /* CityDetailViewModel.swift */; };
		277AF2232C5FA23100270AAE /* CityRepository.swift in Sources */ = {isa = PBXBuildFile; fileRef = 277AF2222C5FA23100270AAE /* CityRepository.swift */; };
		277AF2252C5FA61E00270AAE /* History.swift in Sources */ = {isa = PBXBuildFile; fileRef = 277AF2242C5FA61E00270AAE /* History.swift */; };
		277AF2272C5FA62900270AAE /* Main.swift in Sources */ = {isa = PBXBuildFile; fileRef = 277AF2262C5FA62900270AAE /* Main.swift */; };
		277AF2292C5FA63500270AAE /* Wind.swift in Sources */ = {isa = PBXBuildFile; fileRef = 277AF2282C5FA63500270AAE /* Wind.swift */; };
		277AF22B2C5FA64000270AAE /* Coord.swift in Sources */ = {isa = PBXBuildFile; fileRef = 277AF22A2C5FA64000270AAE /* Coord.swift */; };
		277AF22F2C5FAF3C00270AAE /* URLSessionProtocol.m in Sources */ = {isa = PBXBuildFile; fileRef = 277AF22E2C5FAF3C00270AAE /* URLSessionProtocol.m */; };
		277AF2312C5FAF6300270AAE /* NetworkManaging.m in Sources */ = {isa = PBXBuildFile; fileRef = 277AF2302C5FAF6300270AAE /* NetworkManaging.m */; };
		277AF2332C5FAF8100270AAE /* APIEndpoint.m in Sources */ = {isa = PBXBuildFile; fileRef = 277AF2322C5FAF8100270AAE /* APIEndpoint.m */; };
		277AF23A2C5FC7B400270AAE /* Int+Extensions.swift in Sources */ = {isa = PBXBuildFile; fileRef = 277AF2392C5FC7B400270AAE /* Int+Extensions.swift */; };
		277AF23C2C5FCA5A00270AAE /* UIAlertAction + Extensions.swift in Sources */ = {isa = PBXBuildFile; fileRef = 277AF23B2C5FCA5A00270AAE /* UIAlertAction + Extensions.swift */; };
/* End PBXBuildFile section */

/* Begin PBXFileReference section */
		277AF1DF2C5F5FC100270AAE /* WeatherApp.app */ = {isa = PBXFileReference; explicitFileType = wrapper.application; includeInIndex = 0; path = WeatherApp.app; sourceTree = BUILT_PRODUCTS_DIR; };
		277AF1E22C5F5FC100270AAE /* WeatherAppApp.swift */ = {isa = PBXFileReference; lastKnownFileType = sourcecode.swift; path = WeatherAppApp.swift; sourceTree = "<group>"; };
		277AF1E62C5F5FC300270AAE /* Assets.xcassets */ = {isa = PBXFileReference; lastKnownFileType = folder.assetcatalog; path = Assets.xcassets; sourceTree = "<group>"; };
		277AF1E92C5F5FC300270AAE /* Preview Assets.xcassets */ = {isa = PBXFileReference; lastKnownFileType = folder.assetcatalog; path = "Preview Assets.xcassets"; sourceTree = "<group>"; };
		277AF1EB2C5F5FC300270AAE /* Persistence.swift */ = {isa = PBXFileReference; lastKnownFileType = sourcecode.swift; path = Persistence.swift; sourceTree = "<group>"; };
		277AF1EE2C5F5FC300270AAE /* WeatherApp.xcdatamodel */ = {isa = PBXFileReference; lastKnownFileType = wrapper.xcdatamodel; path = WeatherApp.xcdatamodel; sourceTree = "<group>"; };
		277AF1F72C5F63DB00270AAE /* CitiesView.swift */ = {isa = PBXFileReference; lastKnownFileType = sourcecode.swift; path = CitiesView.swift; sourceTree = "<group>"; };
		277AF1F92C5F6E9D00270AAE /* CitiesViewModel.swift */ = {isa = PBXFileReference; lastKnownFileType = sourcecode.swift; path = CitiesViewModel.swift; sourceTree = "<group>"; };
		277AF1FC2C5F6F0100270AAE /* CityCellView.swift */ = {isa = PBXFileReference; lastKnownFileType = sourcecode.swift; path = CityCellView.swift; sourceTree = "<group>"; };
		277AF1FF2C5F6F2A00270AAE /* CityCellViewModel.swift */ = {isa = PBXFileReference; lastKnownFileType = sourcecode.swift; path = CityCellViewModel.swift; sourceTree = "<group>"; };
		277AF2022C5F708B00270AAE /* CoreDataManager.swift */ = {isa = PBXFileReference; lastKnownFileType = sourcecode.swift; path = CoreDataManager.swift; sourceTree = "<group>"; };
		277AF2052C5F867900270AAE /* City.swift */ = {isa = PBXFileReference; lastKnownFileType = sourcecode.swift; path = City.swift; sourceTree = "<group>"; };
		277AF2082C5F9A1D00270AAE /* CityDetailView.swift */ = {isa = PBXFileReference; lastKnownFileType = sourcecode.swift; path = CityDetailView.swift; sourceTree = "<group>"; };
		277AF20A2C5F9B7A00270AAE /* APIEndpoint.swift */ = {isa = PBXFileReference; fileEncoding = 4; lastKnownFileType = sourcecode.swift; path = APIEndpoint.swift; sourceTree = "<group>"; };
		277AF20C2C5F9B7A00270AAE /* CityWeatherDetailsEndpoint.swift */ = {isa = PBXFileReference; fileEncoding = 4; lastKnownFileType = sourcecode.swift; path = CityWeatherDetailsEndpoint.swift; sourceTree = "<group>"; };
		277AF20D2C5F9B7A00270AAE /* ConfigurationManager.swift */ = {isa = PBXFileReference; fileEncoding = 4; lastKnownFileType = sourcecode.swift; path = ConfigurationManager.swift; sourceTree = "<group>"; };
		277AF20E2C5F9B7A00270AAE /* Network.swift */ = {isa = PBXFileReference; fileEncoding = 4; lastKnownFileType = sourcecode.swift; path = Network.swift; sourceTree = "<group>"; };
		277AF2152C5F9E7300270AAE /* APIError.swift */ = {isa = PBXFileReference; fileEncoding = 4; lastKnownFileType = sourcecode.swift; path = APIError.swift; sourceTree = "<group>"; };
		277AF2172C5F9E7300270AAE /* PresenterState.swift */ = {isa = PBXFileReference; fileEncoding = 4; lastKnownFileType = sourcecode.swift; path = PresenterState.swift; sourceTree = "<group>"; };
		277AF2182C5F9E7300270AAE /* ProgressViewManager.swift */ = {isa = PBXFileReference; fileEncoding = 4; lastKnownFileType = sourcecode.swift; path = ProgressViewManager.swift; sourceTree = "<group>"; };
		277AF2202C5FA1F200270AAE /* CityDetailViewModel.swift */ = {isa = PBXFileReference; lastKnownFileType = sourcecode.swift; path = CityDetailViewModel.swift; sourceTree = "<group>"; };
		277AF2222C5FA23100270AAE /* CityRepository.swift */ = {isa = PBXFileReference; lastKnownFileType = sourcecode.swift; path = CityRepository.swift; sourceTree = "<group>"; };
		277AF2242C5FA61E00270AAE /* History.swift */ = {isa = PBXFileReference; lastKnownFileType = sourcecode.swift; path = History.swift; sourceTree = "<group>"; };
		277AF2262C5FA62900270AAE /* Main.swift */ = {isa = PBXFileReference; lastKnownFileType = sourcecode.swift; path = Main.swift; sourceTree = "<group>"; };
		277AF2282C5FA63500270AAE /* Wind.swift */ = {isa = PBXFileReference; lastKnownFileType = sourcecode.swift; path = Wind.swift; sourceTree = "<group>"; };
		277AF22A2C5FA64000270AAE /* Coord.swift */ = {isa = PBXFileReference; lastKnownFileType = sourcecode.swift; path = Coord.swift; sourceTree = "<group>"; };
		277AF22C2C5FAE5000270AAE /* WeatherApp-Bridging-Header.h */ = {isa = PBXFileReference; lastKnownFileType = sourcecode.c.h; path = "WeatherApp-Bridging-Header.h"; sourceTree = "<group>"; };
		277AF22E2C5FAF3C00270AAE /* URLSessionProtocol.m */ = {isa = PBXFileReference; lastKnownFileType = sourcecode.c.objc; path = URLSessionProtocol.m; sourceTree = "<group>"; };
		277AF2302C5FAF6300270AAE /* NetworkManaging.m */ = {isa = PBXFileReference; lastKnownFileType = sourcecode.c.objc; path = NetworkManaging.m; sourceTree = "<group>"; };
		277AF2322C5FAF8100270AAE /* APIEndpoint.m */ = {isa = PBXFileReference; lastKnownFileType = sourcecode.c.objc; path = APIEndpoint.m; sourceTree = "<group>"; };
		277AF2342C5FAFD100270AAE /* URLSessionProtocol.h */ = {isa = PBXFileReference; lastKnownFileType = sourcecode.c.h; path = URLSessionProtocol.h; sourceTree = "<group>"; };
		277AF2352C5FAFFC00270AAE /* NetworkManaging.h */ = {isa = PBXFileReference; lastKnownFileType = sourcecode.c.h; path = NetworkManaging.h; sourceTree = "<group>"; };
		277AF2362C5FB03800270AAE /* NetworkManager.h */ = {isa = PBXFileReference; lastKnownFileType = sourcecode.c.h; path = NetworkManager.h; sourceTree = "<group>"; };
		277AF2372C5FB05D00270AAE /* APIEndpoint.h */ = {isa = PBXFileReference; lastKnownFileType = sourcecode.c.h; path = APIEndpoint.h; sourceTree = "<group>"; };
		277AF2382C5FB32400270AAE /* Info.plist */ = {isa = PBXFileReference; lastKnownFileType = text.plist; path = Info.plist; sourceTree = "<group>"; };
		277AF2392C5FC7B400270AAE /* Int+Extensions.swift */ = {isa = PBXFileReference; lastKnownFileType = sourcecode.swift; path = "Int+Extensions.swift"; sourceTree = "<group>"; };
		277AF23B2C5FCA5A00270AAE /* UIAlertAction + Extensions.swift */ = {isa = PBXFileReference; lastKnownFileType = sourcecode.swift; path = "UIAlertAction + Extensions.swift"; sourceTree = "<group>"; };
/* End PBXFileReference section */

/* Begin PBXFrameworksBuildPhase section */
		277AF1DC2C5F5FC100270AAE /* Frameworks */ = {
			isa = PBXFrameworksBuildPhase;
			buildActionMask = 2147483647;
			files = (
			);
			runOnlyForDeploymentPostprocessing = 0;
		};
/* End PBXFrameworksBuildPhase section */

/* Begin PBXGroup section */
		277AF1D62C5F5FC100270AAE = {
			isa = PBXGroup;
			children = (
				277AF22C2C5FAE5000270AAE /* WeatherApp-Bridging-Header.h */,
				277AF1E12C5F5FC100270AAE /* WeatherApp */,
				277AF1E02C5F5FC100270AAE /* Products */,
			);
			sourceTree = "<group>";
		};
		277AF1E02C5F5FC100270AAE /* Products */ = {
			isa = PBXGroup;
			children = (
				277AF1DF2C5F5FC100270AAE /* WeatherApp.app */,
			);
			name = Products;
			sourceTree = "<group>";
		};
		277AF1E12C5F5FC100270AAE /* WeatherApp */ = {
			isa = PBXGroup;
			children = (
				277AF2382C5FB32400270AAE /* Info.plist */,
				277AF1E22C5F5FC100270AAE /* WeatherAppApp.swift */,
				277AF21A2C5F9E7300270AAE /* Common */,
				277AF20F2C5F9B7A00270AAE /* DAL */,
				277AF2042C5F866C00270AAE /* Models */,
				277AF1FB2C5F6EE600270AAE /* Shared */,
				277AF1F52C5F63BB00270AAE /* Core */,
				277AF1E62C5F5FC300270AAE /* Assets.xcassets */,
				277AF1EB2C5F5FC300270AAE /* Persistence.swift */,
				277AF1ED2C5F5FC300270AAE /* WeatherApp.xcdatamodeld */,
				277AF1E82C5F5FC300270AAE /* Preview Content */,
			);
			path = WeatherApp;
			sourceTree = "<group>";
		};
		277AF1E82C5F5FC300270AAE /* Preview Content */ = {
			isa = PBXGroup;
			children = (
				277AF1E92C5F5FC300270AAE /* Preview Assets.xcassets */,
			);
			path = "Preview Content";
			sourceTree = "<group>";
		};
		277AF1F52C5F63BB00270AAE /* Core */ = {
			isa = PBXGroup;
			children = (
				277AF2072C5F9A0200270AAE /* CityDetailView */,
				277AF1F62C5F63C000270AAE /* Cities */,
			);
			path = Core;
			sourceTree = "<group>";
		};
		277AF1F62C5F63C000270AAE /* Cities */ = {
			isa = PBXGroup;
			children = (
				277AF1F72C5F63DB00270AAE /* CitiesView.swift */,
				277AF1F92C5F6E9D00270AAE /* CitiesViewModel.swift */,
			);
			path = Cities;
			sourceTree = "<group>";
		};
		277AF1FB2C5F6EE600270AAE /* Shared */ = {
			isa = PBXGroup;
			children = (
				277AF1FE2C5F6F1900270AAE /* CityCell */,
			);
			path = Shared;
			sourceTree = "<group>";
		};
		277AF1FE2C5F6F1900270AAE /* CityCell */ = {
			isa = PBXGroup;
			children = (
				277AF1FC2C5F6F0100270AAE /* CityCellView.swift */,
				277AF1FF2C5F6F2A00270AAE /* CityCellViewModel.swift */,
			);
			path = CityCell;
			sourceTree = "<group>";
		};
		277AF2012C5F706500270AAE /* CoreDataManager */ = {
			isa = PBXGroup;
			children = (
				277AF2022C5F708B00270AAE /* CoreDataManager.swift */,
			);
			path = CoreDataManager;
			sourceTree = "<group>";
		};
		277AF2042C5F866C00270AAE /* Models */ = {
			isa = PBXGroup;
			children = (
				277AF2052C5F867900270AAE /* City.swift */,
				277AF22A2C5FA64000270AAE /* Coord.swift */,
				277AF2282C5FA63500270AAE /* Wind.swift */,
				277AF2262C5FA62900270AAE /* Main.swift */,
				277AF2242C5FA61E00270AAE /* History.swift */,
			);
			path = Models;
			sourceTree = "<group>";
		};
		277AF2072C5F9A0200270AAE /* CityDetailView */ = {
			isa = PBXGroup;
			children = (
				277AF2082C5F9A1D00270AAE /* CityDetailView.swift */,
				277AF2202C5FA1F200270AAE /* CityDetailViewModel.swift */,
				277AF2222C5FA23100270AAE /* CityRepository.swift */,
			);
			path = CityDetailView;
			sourceTree = "<group>";
		};
		277AF20F2C5F9B7A00270AAE /* DAL */ = {
			isa = PBXGroup;
			children = (
				277AF2012C5F706500270AAE /* CoreDataManager */,
				277AF20A2C5F9B7A00270AAE /* APIEndpoint.swift */,
				277AF20C2C5F9B7A00270AAE /* CityWeatherDetailsEndpoint.swift */,
				277AF20D2C5F9B7A00270AAE /* ConfigurationManager.swift */,
				277AF20E2C5F9B7A00270AAE /* Network.swift */,
				277AF22D2C5FAED200270AAE /* NetworkLayerObjc */,
			);
			path = DAL;
			sourceTree = "<group>";
		};
		277AF21A2C5F9E7300270AAE /* Common */ = {
			isa = PBXGroup;
			children = (
				277AF2152C5F9E7300270AAE /* APIError.swift */,
				277AF2172C5F9E7300270AAE /* PresenterState.swift */,
				277AF2182C5F9E7300270AAE /* ProgressViewManager.swift */,
				277AF2392C5FC7B400270AAE /* Int+Extensions.swift */,
				277AF23B2C5FCA5A00270AAE /* UIAlertAction + Extensions.swift */,
			);
			path = Common;
			sourceTree = "<group>";
		};
		277AF22D2C5FAED200270AAE /* NetworkLayerObjc */ = {
			isa = PBXGroup;
			children = (
				277AF2342C5FAFD100270AAE /* URLSessionProtocol.h */,
				277AF22E2C5FAF3C00270AAE /* URLSessionProtocol.m */,
				277AF2362C5FB03800270AAE /* NetworkManager.h */,
				277AF2352C5FAFFC00270AAE /* NetworkManaging.h */,
				277AF2302C5FAF6300270AAE /* NetworkManaging.m */,
				277AF2372C5FB05D00270AAE /* APIEndpoint.h */,
				277AF2322C5FAF8100270AAE /* APIEndpoint.m */,
			);
			path = NetworkLayerObjc;
			sourceTree = "<group>";
		};
/* End PBXGroup section */

/* Begin PBXNativeTarget section */
		277AF1DE2C5F5FC100270AAE /* WeatherApp */ = {
			isa = PBXNativeTarget;
			buildConfigurationList = 277AF1F22C5F5FC300270AAE /* Build configuration list for PBXNativeTarget "WeatherApp" */;
			buildPhases = (
				277AF1DB2C5F5FC100270AAE /* Sources */,
				277AF1DC2C5F5FC100270AAE /* Frameworks */,
				277AF1DD2C5F5FC100270AAE /* Resources */,
			);
			buildRules = (
			);
			dependencies = (
			);
			name = WeatherApp;
			productName = WeatherApp;
			productReference = 277AF1DF2C5F5FC100270AAE /* WeatherApp.app */;
			productType = "com.apple.product-type.application";
		};
/* End PBXNativeTarget section */

/* Begin PBXProject section */
		277AF1D72C5F5FC100270AAE /* Project object */ = {
			isa = PBXProject;
			attributes = {
				BuildIndependentTargetsInParallel = 1;
				LastSwiftUpdateCheck = 1540;
				LastUpgradeCheck = 1540;
				TargetAttributes = {
					277AF1DE2C5F5FC100270AAE = {
						CreatedOnToolsVersion = 15.4;
					};
				};
			};
			buildConfigurationList = 277AF1DA2C5F5FC100270AAE /* Build configuration list for PBXProject "WeatherApp" */;
			compatibilityVersion = "Xcode 14.0";
			developmentRegion = en;
			hasScannedForEncodings = 0;
			knownRegions = (
				en,
				Base,
			);
			mainGroup = 277AF1D62C5F5FC100270AAE;
			productRefGroup = 277AF1E02C5F5FC100270AAE /* Products */;
			projectDirPath = "";
			projectRoot = "";
			targets = (
				277AF1DE2C5F5FC100270AAE /* WeatherApp */,
			);
		};
/* End PBXProject section */

/* Begin PBXResourcesBuildPhase section */
		277AF1DD2C5F5FC100270AAE /* Resources */ = {
			isa = PBXResourcesBuildPhase;
			buildActionMask = 2147483647;
			files = (
				277AF1EA2C5F5FC300270AAE /* Preview Assets.xcassets in Resources */,
				277AF1E72C5F5FC300270AAE /* Assets.xcassets in Resources */,
			);
			runOnlyForDeploymentPostprocessing = 0;
		};
/* End PBXResourcesBuildPhase section */

/* Begin PBXSourcesBuildPhase section */
		277AF1DB2C5F5FC100270AAE /* Sources */ = {
			isa = PBXSourcesBuildPhase;
			buildActionMask = 2147483647;
			files = (
				277AF1F82C5F63DB00270AAE /* CitiesView.swift in Sources */,
				277AF2312C5FAF6300270AAE /* NetworkManaging.m in Sources */,
				277AF2102C5F9B7A00270AAE /* APIEndpoint.swift in Sources */,
				277AF1FA2C5F6E9D00270AAE /* CitiesViewModel.swift in Sources */,
				277AF23C2C5FCA5A00270AAE /* UIAlertAction + Extensions.swift in Sources */,
				277AF2062C5F867900270AAE /* City.swift in Sources */,
				277AF1EF2C5F5FC300270AAE /* WeatherApp.xcdatamodeld in Sources */,
				277AF2142C5F9B7A00270AAE /* Network.swift in Sources */,
				277AF2092C5F9A1D00270AAE /* CityDetailView.swift in Sources */,
				277AF1EC2C5F5FC300270AAE /* Persistence.swift in Sources */,
				277AF2332C5FAF8100270AAE /* APIEndpoint.m in Sources */,
				277AF21B2C5F9E7300270AAE /* APIError.swift in Sources */,
				277AF1FD2C5F6F0100270AAE /* CityCellView.swift in Sources */,
				277AF23A2C5FC7B400270AAE /* Int+Extensions.swift in Sources */,
				277AF2232C5FA23100270AAE /* CityRepository.swift in Sources */,
				277AF2122C5F9B7A00270AAE /* CityWeatherDetailsEndpoint.swift in Sources */,
				277AF2272C5FA62900270AAE /* Main.swift in Sources */,
				277AF21D2C5F9E7300270AAE /* PresenterState.swift in Sources */,
				277AF2212C5FA1F200270AAE /* CityDetailViewModel.swift in Sources */,
				277AF2292C5FA63500270AAE /* Wind.swift in Sources */,
				277AF22F2C5FAF3C00270AAE /* URLSessionProtocol.m in Sources */,
				277AF2252C5FA61E00270AAE /* History.swift in Sources */,
				277AF2132C5F9B7A00270AAE /* ConfigurationManager.swift in Sources */,
				277AF22B2C5FA64000270AAE /* Coord.swift in Sources */,
				277AF21E2C5F9E7300270AAE /* ProgressViewManager.swift in Sources */,
				277AF1E32C5F5FC100270AAE /* WeatherAppApp.swift in Sources */,
				277AF2032C5F708B00270AAE /* CoreDataManager.swift in Sources */,
				277AF2002C5F6F2A00270AAE /* CityCellViewModel.swift in Sources */,
			);
			runOnlyForDeploymentPostprocessing = 0;
		};
/* End PBXSourcesBuildPhase section */

/* Begin XCBuildConfiguration section */
		277AF1F02C5F5FC300270AAE /* Debug */ = {
			isa = XCBuildConfiguration;
			buildSettings = {
				ALWAYS_SEARCH_USER_PATHS = NO;
				ASSETCATALOG_COMPILER_GENERATE_SWIFT_ASSET_SYMBOL_EXTENSIONS = YES;
				CLANG_ANALYZER_NONNULL = YES;
				CLANG_ANALYZER_NUMBER_OBJECT_CONVERSION = YES_AGGRESSIVE;
				CLANG_CXX_LANGUAGE_STANDARD = "gnu++20";
				CLANG_ENABLE_MODULES = YES;
				CLANG_ENABLE_OBJC_ARC = YES;
				CLANG_ENABLE_OBJC_WEAK = YES;
				CLANG_WARN_BLOCK_CAPTURE_AUTORELEASING = YES;
				CLANG_WARN_BOOL_CONVERSION = YES;
				CLANG_WARN_COMMA = YES;
				CLANG_WARN_CONSTANT_CONVERSION = YES;
				CLANG_WARN_DEPRECATED_OBJC_IMPLEMENTATIONS = YES;
				CLANG_WARN_DIRECT_OBJC_ISA_USAGE = YES_ERROR;
				CLANG_WARN_DOCUMENTATION_COMMENTS = YES;
				CLANG_WARN_EMPTY_BODY = YES;
				CLANG_WARN_ENUM_CONVERSION = YES;
				CLANG_WARN_INFINITE_RECURSION = YES;
				CLANG_WARN_INT_CONVERSION = YES;
				CLANG_WARN_NON_LITERAL_NULL_CONVERSION = YES;
				CLANG_WARN_OBJC_IMPLICIT_RETAIN_SELF = YES;
				CLANG_WARN_OBJC_LITERAL_CONVERSION = YES;
				CLANG_WARN_OBJC_ROOT_CLASS = YES_ERROR;
				CLANG_WARN_QUOTED_INCLUDE_IN_FRAMEWORK_HEADER = YES;
				CLANG_WARN_RANGE_LOOP_ANALYSIS = YES;
				CLANG_WARN_STRICT_PROTOTYPES = YES;
				CLANG_WARN_SUSPICIOUS_MOVE = YES;
				CLANG_WARN_UNGUARDED_AVAILABILITY = YES_AGGRESSIVE;
				CLANG_WARN_UNREACHABLE_CODE = YES;
				CLANG_WARN__DUPLICATE_METHOD_MATCH = YES;
				COPY_PHASE_STRIP = NO;
				DEBUG_INFORMATION_FORMAT = dwarf;
				ENABLE_STRICT_OBJC_MSGSEND = YES;
				ENABLE_TESTABILITY = YES;
				ENABLE_USER_SCRIPT_SANDBOXING = YES;
				GCC_C_LANGUAGE_STANDARD = gnu17;
				GCC_DYNAMIC_NO_PIC = NO;
				GCC_NO_COMMON_BLOCKS = YES;
				GCC_OPTIMIZATION_LEVEL = 0;
				GCC_PREPROCESSOR_DEFINITIONS = (
					"DEBUG=1",
					"$(inherited)",
				);
				GCC_WARN_64_TO_32_BIT_CONVERSION = YES;
				GCC_WARN_ABOUT_RETURN_TYPE = YES_ERROR;
				GCC_WARN_UNDECLARED_SELECTOR = YES;
				GCC_WARN_UNINITIALIZED_AUTOS = YES_AGGRESSIVE;
				GCC_WARN_UNUSED_FUNCTION = YES;
				GCC_WARN_UNUSED_VARIABLE = YES;
				IPHONEOS_DEPLOYMENT_TARGET = 17.5;
				LOCALIZATION_PREFERS_STRING_CATALOGS = YES;
				MTL_ENABLE_DEBUG_INFO = INCLUDE_SOURCE;
				MTL_FAST_MATH = YES;
				ONLY_ACTIVE_ARCH = YES;
				SDKROOT = iphoneos;
				SWIFT_ACTIVE_COMPILATION_CONDITIONS = "DEBUG $(inherited)";
				SWIFT_OPTIMIZATION_LEVEL = "-Onone";
			};
			name = Debug;
		};
		277AF1F12C5F5FC300270AAE /* Release */ = {
			isa = XCBuildConfiguration;
			buildSettings = {
				ALWAYS_SEARCH_USER_PATHS = NO;
				ASSETCATALOG_COMPILER_GENERATE_SWIFT_ASSET_SYMBOL_EXTENSIONS = YES;
				CLANG_ANALYZER_NONNULL = YES;
				CLANG_ANALYZER_NUMBER_OBJECT_CONVERSION = YES_AGGRESSIVE;
				CLANG_CXX_LANGUAGE_STANDARD = "gnu++20";
				CLANG_ENABLE_MODULES = YES;
				CLANG_ENABLE_OBJC_ARC = YES;
				CLANG_ENABLE_OBJC_WEAK = YES;
				CLANG_WARN_BLOCK_CAPTURE_AUTORELEASING = YES;
				CLANG_WARN_BOOL_CONVERSION = YES;
				CLANG_WARN_COMMA = YES;
				CLANG_WARN_CONSTANT_CONVERSION = YES;
				CLANG_WARN_DEPRECATED_OBJC_IMPLEMENTATIONS = YES;
				CLANG_WARN_DIRECT_OBJC_ISA_USAGE = YES_ERROR;
				CLANG_WARN_DOCUMENTATION_COMMENTS = YES;
				CLANG_WARN_EMPTY_BODY = YES;
				CLANG_WARN_ENUM_CONVERSION = YES;
				CLANG_WARN_INFINITE_RECURSION = YES;
				CLANG_WARN_INT_CONVERSION = YES;
				CLANG_WARN_NON_LITERAL_NULL_CONVERSION = YES;
				CLANG_WARN_OBJC_IMPLICIT_RETAIN_SELF = YES;
				CLANG_WARN_OBJC_LITERAL_CONVERSION = YES;
				CLANG_WARN_OBJC_ROOT_CLASS = YES_ERROR;
				CLANG_WARN_QUOTED_INCLUDE_IN_FRAMEWORK_HEADER = YES;
				CLANG_WARN_RANGE_LOOP_ANALYSIS = YES;
				CLANG_WARN_STRICT_PROTOTYPES = YES;
				CLANG_WARN_SUSPICIOUS_MOVE = YES;
				CLANG_WARN_UNGUARDED_AVAILABILITY = YES_AGGRESSIVE;
				CLANG_WARN_UNREACHABLE_CODE = YES;
				CLANG_WARN__DUPLICATE_METHOD_MATCH = YES;
				COPY_PHASE_STRIP = NO;
				DEBUG_INFORMATION_FORMAT = "dwarf-with-dsym";
				ENABLE_NS_ASSERTIONS = NO;
				ENABLE_STRICT_OBJC_MSGSEND = YES;
				ENABLE_USER_SCRIPT_SANDBOXING = YES;
				GCC_C_LANGUAGE_STANDARD = gnu17;
				GCC_NO_COMMON_BLOCKS = YES;
				GCC_WARN_64_TO_32_BIT_CONVERSION = YES;
				GCC_WARN_ABOUT_RETURN_TYPE = YES_ERROR;
				GCC_WARN_UNDECLARED_SELECTOR = YES;
				GCC_WARN_UNINITIALIZED_AUTOS = YES_AGGRESSIVE;
				GCC_WARN_UNUSED_FUNCTION = YES;
				GCC_WARN_UNUSED_VARIABLE = YES;
				IPHONEOS_DEPLOYMENT_TARGET = 17.5;
				LOCALIZATION_PREFERS_STRING_CATALOGS = YES;
				MTL_ENABLE_DEBUG_INFO = NO;
				MTL_FAST_MATH = YES;
				SDKROOT = iphoneos;
				SWIFT_COMPILATION_MODE = wholemodule;
				VALIDATE_PRODUCT = YES;
			};
			name = Release;
		};
		277AF1F32C5F5FC300270AAE /* Debug */ = {
			isa = XCBuildConfiguration;
			buildSettings = {
				ASSETCATALOG_COMPILER_APPICON_NAME = AppIcon;
				ASSETCATALOG_COMPILER_GLOBAL_ACCENT_COLOR_NAME = AccentColor;
				CODE_SIGN_STYLE = Automatic;
				CURRENT_PROJECT_VERSION = 1;
				DEVELOPMENT_ASSET_PATHS = "\"WeatherApp/Preview Content\"";
				DEVELOPMENT_TEAM = VU797BVF5X;
				ENABLE_PREVIEWS = YES;
				GENERATE_INFOPLIST_FILE = YES;
				INFOPLIST_FILE = WeatherApp/Info.plist;
				INFOPLIST_KEY_CFBundleDisplayName = WeatherApp;
				INFOPLIST_KEY_UIApplicationSceneManifest_Generation = YES;
				INFOPLIST_KEY_UIApplicationSupportsIndirectInputEvents = YES;
				INFOPLIST_KEY_UILaunchScreen_Generation = YES;
				INFOPLIST_KEY_UISupportedInterfaceOrientations = UIInterfaceOrientationPortrait;
				INFOPLIST_KEY_UISupportedInterfaceOrientations_iPad = "UIInterfaceOrientationLandscapeLeft UIInterfaceOrientationLandscapeRight UIInterfaceOrientationPortrait UIInterfaceOrientationPortraitUpsideDown";
				IPHONEOS_DEPLOYMENT_TARGET = 15.0;
				LD_RUNPATH_SEARCH_PATHS = (
					"$(inherited)",
					"@executable_path/Frameworks",
				);
				MARKETING_VERSION = 1.0;
				PRODUCT_BUNDLE_IDENTIFIER = co.PlanRadar.WeatherApp;
				PRODUCT_NAME = "$(TARGET_NAME)";
				SUPPORTED_PLATFORMS = "iphoneos iphonesimulator";
				SUPPORTS_MACCATALYST = NO;
				SUPPORTS_MAC_DESIGNED_FOR_IPHONE_IPAD = NO;
				SUPPORTS_XR_DESIGNED_FOR_IPHONE_IPAD = NO;
				SWIFT_EMIT_LOC_STRINGS = YES;
				SWIFT_OBJC_BRIDGING_HEADER = "WeatherApp-Bridging-Header.h";
				SWIFT_VERSION = 5.0;
				TARGETED_DEVICE_FAMILY = 1;
			};
			name = Debug;
		};
		277AF1F42C5F5FC300270AAE /* Release */ = {
			isa = XCBuildConfiguration;
			buildSettings = {
				ASSETCATALOG_COMPILER_APPICON_NAME = AppIcon;
				ASSETCATALOG_COMPILER_GLOBAL_ACCENT_COLOR_NAME = AccentColor;
				CODE_SIGN_STYLE = Automatic;
				CURRENT_PROJECT_VERSION = 1;
				DEVELOPMENT_ASSET_PATHS = "\"WeatherApp/Preview Content\"";
				DEVELOPMENT_TEAM = VU797BVF5X;
				ENABLE_PREVIEWS = YES;
				GENERATE_INFOPLIST_FILE = YES;
				INFOPLIST_FILE = WeatherApp/Info.plist;
				INFOPLIST_KEY_CFBundleDisplayName = WeatherApp;
				INFOPLIST_KEY_UIApplicationSceneManifest_Generation = YES;
				INFOPLIST_KEY_UIApplicationSupportsIndirectInputEvents = YES;
				INFOPLIST_KEY_UILaunchScreen_Generation = YES;
				INFOPLIST_KEY_UISupportedInterfaceOrientations = UIInterfaceOrientationPortrait;
				INFOPLIST_KEY_UISupportedInterfaceOrientations_iPad = "UIInterfaceOrientationLandscapeLeft UIInterfaceOrientationLandscapeRight UIInterfaceOrientationPortrait UIInterfaceOrientationPortraitUpsideDown";
				IPHONEOS_DEPLOYMENT_TARGET = 15.0;
				LD_RUNPATH_SEARCH_PATHS = (
					"$(inherited)",
					"@executable_path/Frameworks",
				);
				MARKETING_VERSION = 1.0;
				PRODUCT_BUNDLE_IDENTIFIER = co.PlanRadar.WeatherApp;
				PRODUCT_NAME = "$(TARGET_NAME)";
				SUPPORTED_PLATFORMS = "iphoneos iphonesimulator";
				SUPPORTS_MACCATALYST = NO;
				SUPPORTS_MAC_DESIGNED_FOR_IPHONE_IPAD = NO;
				SUPPORTS_XR_DESIGNED_FOR_IPHONE_IPAD = NO;
				SWIFT_EMIT_LOC_STRINGS = YES;
				SWIFT_OBJC_BRIDGING_HEADER = "WeatherApp-Bridging-Header.h";
				SWIFT_VERSION = 5.0;
				TARGETED_DEVICE_FAMILY = 1;
			};
			name = Release;
		};
/* End XCBuildConfiguration section */

/* Begin XCConfigurationList section */
		277AF1DA2C5F5FC100270AAE /* Build configuration list for PBXProject "WeatherApp" */ = {
			isa = XCConfigurationList;
			buildConfigurations = (
				277AF1F02C5F5FC300270AAE /* Debug */,
				277AF1F12C5F5FC300270AAE /* Release */,
			);
			defaultConfigurationIsVisible = 0;
			defaultConfigurationName = Release;
		};
		277AF1F22C5F5FC300270AAE /* Build configuration list for PBXNativeTarget "WeatherApp" */ = {
			isa = XCConfigurationList;
			buildConfigurations = (
				277AF1F32C5F5FC300270AAE /* Debug */,
				277AF1F42C5F5FC300270AAE /* Release */,
			);
			defaultConfigurationIsVisible = 0;
			defaultConfigurationName = Release;
		};
/* End XCConfigurationList section */

/* Begin XCVersionGroup section */
		277AF1ED2C5F5FC300270AAE /* WeatherApp.xcdatamodeld */ = {
			isa = XCVersionGroup;
			children = (
				277AF1EE2C5F5FC300270AAE /* WeatherApp.xcdatamodel */,
			);
			currentVersion = 277AF1EE2C5F5FC300270AAE /* WeatherApp.xcdatamodel */;
			path = WeatherApp.xcdatamodeld;
			sourceTree = "<group>";
			versionGroupType = wrapper.xcdatamodel;
		};
/* End XCVersionGroup section */
	};
	rootObject = 277AF1D72C5F5FC100270AAE /* Project object */;
}
