// !$*UTF8*$!
{
	archiveVersion = 1;
	classes = {
	};
	objectVersion = 56;
	objects = {

/* Begin PBXBuildFile section */
		277AF1E32C5F5FC100270AAE /* WeatherAppApp.swift in Sources */ = {isa = PBXBuildFile; fileRef = 277AF1E22C5F5FC100270AAE /* WeatherAppApp.swift */; };
		277AF1E72C5F5FC300270AAE /* Assets.xcassets in Resources */ = {isa = PBXBuildFile; fileRef = 277AF1E62C5F5FC300270AAE /* Assets.xcassets */; };
		277AF1EA2C5F5FC300270AAE /* Preview Assets.xcassets in Resources */ = {isa = PBXBuildFile; fileRef = 277AF1E92C5F5FC300270AAE /* Preview Assets.xcassets */; };
		277AF1EC2C5F5FC300270AAE /* Persistence.swift in Sources */ = {isa = PBXBuildFile; fileRef = 277AF1EB2C5F5FC300270AAE /* Persistence.swift */; };
		277AF1EF2C5F5FC300270AAE /* WeatherApp.xcdatamodeld in Sources */ = {isa = PBXBuildFile; fileRef = 277AF1ED2C5F5FC300270AAE /* WeatherApp.xcdatamodeld */; };
		277AF1F82C5F63DB00270AAE /* CitiesView.swift in Sources */ = {isa = PBXBuildFile; fileRef = 277AF1F72C5F63DB00270AAE /* CitiesView.swift */; };
		277AF1FA2C5F6E9D00270AAE /* CitiesViewModel.swift in Sources */ = {isa = PBXBuildFile; fileRef = 277AF1F92C5F6E9D00270AAE /* CitiesViewModel.swift */; };
		277AF1FD2C5F6F0100270AAE /* CityCellView.swift in Sources */ = {isa = PBXBuildFile; fileRef = 277AF1FC2C5F6F0100270AAE /* CityCellView.swift */; };
		277AF2002C5F6F2A00270AAE /* CityCellViewModel.swift in Sources */ = {isa = PBXBuildFile; fileRef = 277AF1FF2C5F6F2A00270AAE /* CityCellViewModel.swift */; };
		277AF2032C5F708B00270AAE /* CoreDataManager.swift in Sources */ = {isa = PBXBuildFile; fileRef = 277AF2022C5F708B00270AAE /* CoreDataManager.swift */; };
		277AF2062C5F867900270AAE /* City.swift in Sources */ = {isa = PBXBuildFile; fileRef = 277AF2052C5F867900270AAE /* City.swift */; };
		277AF2092C5F9A1D00270AAE /* CityDetailView.swift in Sources */ = {isa = PBXBuildFile; fileRef = 277AF2082C5F9A1D00270AAE /* CityDetailView.swift */; };
		277AF2102C5F9B7A00270AAE /* APIEndpoint.swift in Sources */ = {isa = PBXBuildFile; fileRef = 277AF20A2C5F9B7A00270AAE /* APIEndpoint.swift */; };
		277AF2122C5F9B7A00270AAE /* CityWeatherDetailsEndpoint.swift in Sources */ = {isa = PBXBuildFile; fileRef = 277AF20C2C5F9B7A00270AAE /* CityWeatherDetailsEndpoint.swift */; };
		277AF2132C5F9B7A00270AAE /* ConfigurationManager.swift in Sources */ = {isa = PBXBuildFile; fileRef = 277AF20D2C5F9B7A00270AAE /* ConfigurationManager.swift */; };
		277AF21B2C5F9E7300270AAE /* APIError.swift in Sources */ = {isa = PBXBuildFile; fileRef = 277AF2152C5F9E7300270AAE /* APIError.swift */; };
		277AF21D2C5F9E7300270AAE /* PresenterState.swift in Sources */ = {isa = PBXBuildFile; fileRef = 277AF2172C5F9E7300270AAE /* PresenterState.swift */; };
		277AF2212C5FA1F200270AAE /* CityDetailViewModel.swift in Sources */ = {isa = PBXBuildFile; fileRef = 277AF2202C5FA1F200270AAE /* CityDetailViewModel.swift */; };
		277AF2232C5FA23100270AAE /* CityDetailsRepository.swift in Sources */ = {isa = PBXBuildFile; fileRef = 277AF2222C5FA23100270AAE /* CityDetailsRepository.swift */; };
		277AF2272C5FA62900270AAE /* Main.swift in Sources */ = {isa = PBXBuildFile; fileRef = 277AF2262C5FA62900270AAE /* Main.swift */; };
		277AF2292C5FA63500270AAE /* Wind.swift in Sources */ = {isa = PBXBuildFile; fileRef = 277AF2282C5FA63500270AAE /* Wind.swift */; };
		277AF22B2C5FA64000270AAE /* Coord.swift in Sources */ = {isa = PBXBuildFile; fileRef = 277AF22A2C5FA64000270AAE /* Coord.swift */; };
		277AF22F2C5FAF3C00270AAE /* URLSessionProtocol.m in Sources */ = {isa = PBXBuildFile; fileRef = 277AF22E2C5FAF3C00270AAE /* URLSessionProtocol.m */; };
		277AF2312C5FAF6300270AAE /* NetworkManaging.m in Sources */ = {isa = PBXBuildFile; fileRef = 277AF2302C5FAF6300270AAE /* NetworkManaging.m */; };
		277AF2332C5FAF8100270AAE /* APIEndpoint.m in Sources */ = {isa = PBXBuildFile; fileRef = 277AF2322C5FAF8100270AAE /* APIEndpoint.m */; };
		277AF23A2C5FC7B400270AAE /* Int+Extensions.swift in Sources */ = {isa = PBXBuildFile; fileRef = 277AF2392C5FC7B400270AAE /* Int+Extensions.swift */; };
		277AF23C2C5FCA5A00270AAE /* UIAlertAction + Extensions.swift in Sources */ = {isa = PBXBuildFile; fileRef = 277AF23B2C5FCA5A00270AAE /* UIAlertAction + Extensions.swift */; };
		277AF23E2C5FCDDC00270AAE /* CityListRepository.swift in Sources */ = {isa = PBXBuildFile; fileRef = 277AF23D2C5FCDDC00270AAE /* CityListRepository.swift */; };
		277AF2402C60A94400270AAE /* Weather.swift in Sources */ = {isa = PBXBuildFile; fileRef = 277AF23F2C60A94400270AAE /* Weather.swift */; };
		277AF2422C60BF4600270AAE /* Date+Extenstions.swift in Sources */ = {isa = PBXBuildFile; fileRef = 277AF2412C60BF4600270AAE /* Date+Extenstions.swift */; };
		277AF2442C60C64400270AAE /* UIConstants.swift in Sources */ = {isa = PBXBuildFile; fileRef = 277AF2432C60C64400270AAE /* UIConstants.swift */; };
		277AF2462C60C72100270AAE /* ImageLoaderView.swift in Sources */ = {isa = PBXBuildFile; fileRef = 277AF2452C60C72100270AAE /* ImageLoaderView.swift */; };
		277AF2492C60CDAD00270AAE /* WeatherHistoryView.swift in Sources */ = {isa = PBXBuildFile; fileRef = 277AF2482C60CDAC00270AAE /* WeatherHistoryView.swift */; };
		277AF24B2C60CDC100270AAE /* WeatherHistoryViewModel.swift in Sources */ = {isa = PBXBuildFile; fileRef = 277AF24A2C60CDC100270AAE /* WeatherHistoryViewModel.swift */; };
		277AF24D2C60E47C00270AAE /* WeatherHistoryCell.swift in Sources */ = {isa = PBXBuildFile; fileRef = 277AF24C2C60E47C00270AAE /* WeatherHistoryCell.swift */; };
		277AF24F2C60E53500270AAE /* WeatherHistoryCellViewModel.swift in Sources */ = {isa = PBXBuildFile; fileRef = 277AF24E2C60E53500270AAE /* WeatherHistoryCellViewModel.swift */; };
		27D318EE2C610B5700734420 /* LoadingView.swift in Sources */ = {isa = PBXBuildFile; fileRef = 27D318ED2C610B5700734420 /* LoadingView.swift */; };
		27D318F02C610E8900734420 /* NoDataView.swift in Sources */ = {isa = PBXBuildFile; fileRef = 27D318EF2C610E8900734420 /* NoDataView.swift */; };
		27D318F92C611E2800734420 /* Launch Screen.storyboard in Resources */ = {isa = PBXBuildFile; fileRef = 27D318F82C611E2800734420 /* Launch Screen.storyboard */; };
		27D318FD2C61291700734420 /* Localizable.xcstrings in Resources */ = {isa = PBXBuildFile; fileRef = 27D318FC2C61291700734420 /* Localizable.xcstrings */; };
		27D319132C6151BE00734420 /* CitiesViewModelTests.swift in Sources */ = {isa = PBXBuildFile; fileRef = 27D319122C6151BE00734420 /* CitiesViewModelTests.swift */; };
		27D3191A2C6152F000734420 /* invalid_city_object.json in Resources */ = {isa = PBXBuildFile; fileRef = 27D319142C6152F000734420 /* invalid_city_object.json */; };
		27D3191B2C6152F000734420 /* city_collection.json in Resources */ = {isa = PBXBuildFile; fileRef = 27D319152C6152F000734420 /* city_collection.json */; };
		27D3191C2C6152F000734420 /* city_object.json in Resources */ = {isa = PBXBuildFile; fileRef = 27D319162C6152F000734420 /* city_object.json */; };
		27D3191D2C6152F000734420 /* DataLoader.swift in Sources */ = {isa = PBXBuildFile; fileRef = 27D319182C6152F000734420 /* DataLoader.swift */; };
		27D319202C615AB100734420 /* MockCityListRepository.swift in Sources */ = {isa = PBXBuildFile; fileRef = 27D3191F2C615AB100734420 /* MockCityListRepository.swift */; };
		27D319242C615D4700734420 /* CityDetailViewModelTests.swift in Sources */ = {isa = PBXBuildFile; fileRef = 27D319232C615D4700734420 /* CityDetailViewModelTests.swift */; };
		27D319272C61603100734420 /* MockCityRepository.swift in Sources */ = {isa = PBXBuildFile; fileRef = 27D319262C61603100734420 /* MockCityRepository.swift */; };
		27D3192A2C61614E00734420 /* WeatherHistoryViewModelTests.swift in Sources */ = {isa = PBXBuildFile; fileRef = 27D319292C61614E00734420 /* WeatherHistoryViewModelTests.swift */; };
		27D3192D2C61638A00734420 /* CoreDataManagerTests.swift in Sources */ = {isa = PBXBuildFile; fileRef = 27D3192C2C61638A00734420 /* CoreDataManagerTests.swift */; };
		27D3192F2C6165F400734420 /* MockURLSession.swift in Sources */ = {isa = PBXBuildFile; fileRef = 27D3192E2C6165F400734420 /* MockURLSession.swift */; };
		27D319322C6167F800734420 /* NetworkManagerTests.m in Sources */ = {isa = PBXBuildFile; fileRef = 27D319312C6167F800734420 /* NetworkManagerTests.m */; };
/* End PBXBuildFile section */

/* Begin PBXContainerItemProxy section */
		27D319062C614E6A00734420 /* PBXContainerItemProxy */ = {
			isa = PBXContainerItemProxy;
			containerPortal = 277AF1D72C5F5FC100270AAE /* Project object */;
			proxyType = 1;
			remoteGlobalIDString = 277AF1DE2C5F5FC100270AAE;
			remoteInfo = WeatherApp;
		};
/* End PBXContainerItemProxy section */

/* Begin PBXFileReference section */
		277AF1DF2C5F5FC100270AAE /* WeatherApp.app */ = {isa = PBXFileReference; explicitFileType = wrapper.application; includeInIndex = 0; path = WeatherApp.app; sourceTree = BUILT_PRODUCTS_DIR; };
		277AF1E22C5F5FC100270AAE /* WeatherAppApp.swift */ = {isa = PBXFileReference; lastKnownFileType = sourcecode.swift; path = WeatherAppApp.swift; sourceTree = "<group>"; };
		277AF1E62C5F5FC300270AAE /* Assets.xcassets */ = {isa = PBXFileReference; lastKnownFileType = folder.assetcatalog; path = Assets.xcassets; sourceTree = "<group>"; };
		277AF1E92C5F5FC300270AAE /* Preview Assets.xcassets */ = {isa = PBXFileReference; lastKnownFileType = folder.assetcatalog; path = "Preview Assets.xcassets"; sourceTree = "<group>"; };
		277AF1EB2C5F5FC300270AAE /* Persistence.swift */ = {isa = PBXFileReference; lastKnownFileType = sourcecode.swift; path = Persistence.swift; sourceTree = "<group>"; };
		277AF1EE2C5F5FC300270AAE /* WeatherApp.xcdatamodel */ = {isa = PBXFileReference; lastKnownFileType = wrapper.xcdatamodel; path = WeatherApp.xcdatamodel; sourceTree = "<group>"; };
		277AF1F72C5F63DB00270AAE /* CitiesView.swift */ = {isa = PBXFileReference; lastKnownFileType = sourcecode.swift; path = CitiesView.swift; sourceTree = "<group>"; };
		277AF1F92C5F6E9D00270AAE /* CitiesViewModel.swift */ = {isa = PBXFileReference; lastKnownFileType = sourcecode.swift; path = CitiesViewModel.swift; sourceTree = "<group>"; };
		277AF1FC2C5F6F0100270AAE /* CityCellView.swift */ = {isa = PBXFileReference; lastKnownFileType = sourcecode.swift; path = CityCellView.swift; sourceTree = "<group>"; };
		277AF1FF2C5F6F2A00270AAE /* CityCellViewModel.swift */ = {isa = PBXFileReference; lastKnownFileType = sourcecode.swift; path = CityCellViewModel.swift; sourceTree = "<group>"; };
		277AF2022C5F708B00270AAE /* CoreDataManager.swift */ = {isa = PBXFileReference; lastKnownFileType = sourcecode.swift; path = CoreDataManager.swift; sourceTree = "<group>"; };
		277AF2052C5F867900270AAE /* City.swift */ = {isa = PBXFileReference; lastKnownFileType = sourcecode.swift; path = City.swift; sourceTree = "<group>"; };
		277AF2082C5F9A1D00270AAE /* CityDetailView.swift */ = {isa = PBXFileReference; lastKnownFileType = sourcecode.swift; path = CityDetailView.swift; sourceTree = "<group>"; };
		277AF20A2C5F9B7A00270AAE /* APIEndpoint.swift */ = {isa = PBXFileReference; fileEncoding = 4; lastKnownFileType = sourcecode.swift; path = APIEndpoint.swift; sourceTree = "<group>"; };
		277AF20C2C5F9B7A00270AAE /* CityWeatherDetailsEndpoint.swift */ = {isa = PBXFileReference; fileEncoding = 4; lastKnownFileType = sourcecode.swift; path = CityWeatherDetailsEndpoint.swift; sourceTree = "<group>"; };
		277AF20D2C5F9B7A00270AAE /* ConfigurationManager.swift */ = {isa = PBXFileReference; fileEncoding = 4; lastKnownFileType = sourcecode.swift; path = ConfigurationManager.swift; sourceTree = "<group>"; };
		277AF2152C5F9E7300270AAE /* APIError.swift */ = {isa = PBXFileReference; fileEncoding = 4; lastKnownFileType = sourcecode.swift; path = APIError.swift; sourceTree = "<group>"; };
		277AF2172C5F9E7300270AAE /* PresenterState.swift */ = {isa = PBXFileReference; fileEncoding = 4; lastKnownFileType = sourcecode.swift; path = PresenterState.swift; sourceTree = "<group>"; };
		277AF2202C5FA1F200270AAE /* CityDetailViewModel.swift */ = {isa = PBXFileReference; lastKnownFileType = sourcecode.swift; path = CityDetailViewModel.swift; sourceTree = "<group>"; };
		277AF2222C5FA23100270AAE /* CityDetailsRepository.swift */ = {isa = PBXFileReference; lastKnownFileType = sourcecode.swift; path = CityDetailsRepository.swift; sourceTree = "<group>"; };
		277AF2262C5FA62900270AAE /* Main.swift */ = {isa = PBXFileReference; lastKnownFileType = sourcecode.swift; path = Main.swift; sourceTree = "<group>"; };
		277AF2282C5FA63500270AAE /* Wind.swift */ = {isa = PBXFileReference; lastKnownFileType = sourcecode.swift; path = Wind.swift; sourceTree = "<group>"; };
		277AF22A2C5FA64000270AAE /* Coord.swift */ = {isa = PBXFileReference; lastKnownFileType = sourcecode.swift; path = Coord.swift; sourceTree = "<group>"; };
		277AF22C2C5FAE5000270AAE /* WeatherApp-Bridging-Header.h */ = {isa = PBXFileReference; lastKnownFileType = sourcecode.c.h; path = "WeatherApp-Bridging-Header.h"; sourceTree = "<group>"; };
		277AF22E2C5FAF3C00270AAE /* URLSessionProtocol.m */ = {isa = PBXFileReference; lastKnownFileType = sourcecode.c.objc; path = URLSessionProtocol.m; sourceTree = "<group>"; };
		277AF2302C5FAF6300270AAE /* NetworkManaging.m */ = {isa = PBXFileReference; lastKnownFileType = sourcecode.c.objc; path = NetworkManaging.m; sourceTree = "<group>"; };
		277AF2322C5FAF8100270AAE /* APIEndpoint.m */ = {isa = PBXFileReference; lastKnownFileType = sourcecode.c.objc; path = APIEndpoint.m; sourceTree = "<group>"; };
		277AF2342C5FAFD100270AAE /* URLSessionProtocol.h */ = {isa = PBXFileReference; lastKnownFileType = sourcecode.c.h; path = URLSessionProtocol.h; sourceTree = "<group>"; };
		277AF2352C5FAFFC00270AAE /* NetworkManaging.h */ = {isa = PBXFileReference; lastKnownFileType = sourcecode.c.h; path = NetworkManaging.h; sourceTree = "<group>"; };
		277AF2362C5FB03800270AAE /* NetworkManager.h */ = {isa = PBXFileReference; lastKnownFileType = sourcecode.c.h; path = NetworkManager.h; sourceTree = "<group>"; };
		277AF2372C5FB05D00270AAE /* APIEndpoint.h */ = {isa = PBXFileReference; lastKnownFileType = sourcecode.c.h; path = APIEndpoint.h; sourceTree = "<group>"; };
		277AF2382C5FB32400270AAE /* Info.plist */ = {isa = PBXFileReference; lastKnownFileType = text.plist; path = Info.plist; sourceTree = "<group>"; };
		277AF2392C5FC7B400270AAE /* Int+Extensions.swift */ = {isa = PBXFileReference; lastKnownFileType = sourcecode.swift; path = "Int+Extensions.swift"; sourceTree = "<group>"; };
		277AF23B2C5FCA5A00270AAE /* UIAlertAction + Extensions.swift */ = {isa = PBXFileReference; lastKnownFileType = sourcecode.swift; path = "UIAlertAction + Extensions.swift"; sourceTree = "<group>"; };
		277AF23D2C5FCDDC00270AAE /* CityListRepository.swift */ = {isa = PBXFileReference; lastKnownFileType = sourcecode.swift; path = CityListRepository.swift; sourceTree = "<group>"; };
		277AF23F2C60A94400270AAE /* Weather.swift */ = {isa = PBXFileReference; lastKnownFileType = sourcecode.swift; path = Weather.swift; sourceTree = "<group>"; };
		277AF2412C60BF4600270AAE /* Date+Extenstions.swift */ = {isa = PBXFileReference; lastKnownFileType = sourcecode.swift; path = "Date+Extenstions.swift"; sourceTree = "<group>"; };
		277AF2432C60C64400270AAE /* UIConstants.swift */ = {isa = PBXFileReference; fileEncoding = 4; lastKnownFileType = sourcecode.swift; path = UIConstants.swift; sourceTree = "<group>"; };
		277AF2452C60C72100270AAE /* ImageLoaderView.swift */ = {isa = PBXFileReference; lastKnownFileType = sourcecode.swift; path = ImageLoaderView.swift; sourceTree = "<group>"; };
		277AF2482C60CDAC00270AAE /* WeatherHistoryView.swift */ = {isa = PBXFileReference; lastKnownFileType = sourcecode.swift; path = WeatherHistoryView.swift; sourceTree = "<group>"; };
		277AF24A2C60CDC100270AAE /* WeatherHistoryViewModel.swift */ = {isa = PBXFileReference; lastKnownFileType = sourcecode.swift; path = WeatherHistoryViewModel.swift; sourceTree = "<group>"; };
		277AF24C2C60E47C00270AAE /* WeatherHistoryCell.swift */ = {isa = PBXFileReference; lastKnownFileType = sourcecode.swift; path = WeatherHistoryCell.swift; sourceTree = "<group>"; };
		277AF24E2C60E53500270AAE /* WeatherHistoryCellViewModel.swift */ = {isa = PBXFileReference; lastKnownFileType = sourcecode.swift; path = WeatherHistoryCellViewModel.swift; sourceTree = "<group>"; };
		27D318ED2C610B5700734420 /* LoadingView.swift */ = {isa = PBXFileReference; lastKnownFileType = sourcecode.swift; path = LoadingView.swift; sourceTree = "<group>"; };
		27D318EF2C610E8900734420 /* NoDataView.swift */ = {isa = PBXFileReference; lastKnownFileType = sourcecode.swift; path = NoDataView.swift; sourceTree = "<group>"; };
		27D318F82C611E2800734420 /* Launch Screen.storyboard */ = {isa = PBXFileReference; lastKnownFileType = file.storyboard; path = "Launch Screen.storyboard"; sourceTree = "<group>"; };
		27D318FC2C61291700734420 /* Localizable.xcstrings */ = {isa = PBXFileReference; lastKnownFileType = text.json.xcstrings; path = Localizable.xcstrings; sourceTree = "<group>"; };
		27D319022C614E6A00734420 /* WeatherAppTests.xctest */ = {isa = PBXFileReference; explicitFileType = wrapper.cfbundle; includeInIndex = 0; path = WeatherAppTests.xctest; sourceTree = BUILT_PRODUCTS_DIR; };
		27D319122C6151BE00734420 /* CitiesViewModelTests.swift */ = {isa = PBXFileReference; lastKnownFileType = sourcecode.swift; path = CitiesViewModelTests.swift; sourceTree = "<group>"; };
		27D319142C6152F000734420 /* invalid_city_object.json */ = {isa = PBXFileReference; fileEncoding = 4; lastKnownFileType = text.json; path = invalid_city_object.json; sourceTree = "<group>"; };
		27D319152C6152F000734420 /* city_collection.json */ = {isa = PBXFileReference; fileEncoding = 4; lastKnownFileType = text.json; path = city_collection.json; sourceTree = "<group>"; };
		27D319162C6152F000734420 /* city_object.json */ = {isa = PBXFileReference; fileEncoding = 4; lastKnownFileType = text.json; path = city_object.json; sourceTree = "<group>"; };
		27D319182C6152F000734420 /* DataLoader.swift */ = {isa = PBXFileReference; fileEncoding = 4; lastKnownFileType = sourcecode.swift; path = DataLoader.swift; sourceTree = "<group>"; };
		27D3191F2C615AB100734420 /* MockCityListRepository.swift */ = {isa = PBXFileReference; lastKnownFileType = sourcecode.swift; path = MockCityListRepository.swift; sourceTree = "<group>"; };
		27D319232C615D4700734420 /* CityDetailViewModelTests.swift */ = {isa = PBXFileReference; lastKnownFileType = sourcecode.swift; path = CityDetailViewModelTests.swift; sourceTree = "<group>"; };
		27D319262C61603100734420 /* MockCityRepository.swift */ = {isa = PBXFileReference; lastKnownFileType = sourcecode.swift; path = MockCityRepository.swift; sourceTree = "<group>"; };
		27D319292C61614E00734420 /* WeatherHistoryViewModelTests.swift */ = {isa = PBXFileReference; lastKnownFileType = sourcecode.swift; path = WeatherHistoryViewModelTests.swift; sourceTree = "<group>"; };
		27D3192C2C61638A00734420 /* CoreDataManagerTests.swift */ = {isa = PBXFileReference; lastKnownFileType = sourcecode.swift; path = CoreDataManagerTests.swift; sourceTree = "<group>"; };
		27D3192E2C6165F400734420 /* MockURLSession.swift */ = {isa = PBXFileReference; lastKnownFileType = sourcecode.swift; path = MockURLSession.swift; sourceTree = "<group>"; };
		27D319302C6167F800734420 /* WeatherAppTests-Bridging-Header.h */ = {isa = PBXFileReference; lastKnownFileType = sourcecode.c.h; path = "WeatherAppTests-Bridging-Header.h"; sourceTree = "<group>"; };
		27D319312C6167F800734420 /* NetworkManagerTests.m */ = {isa = PBXFileReference; lastKnownFileType = sourcecode.c.objc; path = NetworkManagerTests.m; sourceTree = "<group>"; };
/* End PBXFileReference section */

/* Begin PBXFrameworksBuildPhase section */
		277AF1DC2C5F5FC100270AAE /* Frameworks */ = {
			isa = PBXFrameworksBuildPhase;
			buildActionMask = 2147483647;
			files = (
			);
			runOnlyForDeploymentPostprocessing = 0;
		};
		27D318FF2C614E6A00734420 /* Frameworks */ = {
			isa = PBXFrameworksBuildPhase;
			buildActionMask = 2147483647;
			files = (
			);
			runOnlyForDeploymentPostprocessing = 0;
		};
/* End PBXFrameworksBuildPhase section */

/* Begin PBXGroup section */
		277AF1D62C5F5FC100270AAE = {
			isa = PBXGroup;
			children = (
				277AF22C2C5FAE5000270AAE /* WeatherApp-Bridging-Header.h */,
				277AF1E12C5F5FC100270AAE /* WeatherApp */,
				27D319032C614E6A00734420 /* WeatherAppTests */,
				277AF1E02C5F5FC100270AAE /* Products */,
			);
			sourceTree = "<group>";
		};
		277AF1E02C5F5FC100270AAE /* Products */ = {
			isa = PBXGroup;
			children = (
				277AF1DF2C5F5FC100270AAE /* WeatherApp.app */,
				27D319022C614E6A00734420 /* WeatherAppTests.xctest */,
			);
			name = Products;
			sourceTree = "<group>";
		};
		277AF1E12C5F5FC100270AAE /* WeatherApp */ = {
			isa = PBXGroup;
			children = (
				277AF2382C5FB32400270AAE /* Info.plist */,
				277AF1E22C5F5FC100270AAE /* WeatherAppApp.swift */,
				277AF21A2C5F9E7300270AAE /* Common */,
				277AF20F2C5F9B7A00270AAE /* DAL */,
				277AF2042C5F866C00270AAE /* Models */,
				277AF1FB2C5F6EE600270AAE /* Components */,
				277AF1F52C5F63BB00270AAE /* Core */,
				277AF1E62C5F5FC300270AAE /* Assets.xcassets */,
				27D318F82C611E2800734420 /* Launch Screen.storyboard */,
				27D318FC2C61291700734420 /* Localizable.xcstrings */,
				277AF1ED2C5F5FC300270AAE /* WeatherApp.xcdatamodeld */,
				277AF1E82C5F5FC300270AAE /* Preview Content */,
			);
			path = WeatherApp;
			sourceTree = "<group>";
		};
		277AF1E82C5F5FC300270AAE /* Preview Content */ = {
			isa = PBXGroup;
			children = (
				277AF1E92C5F5FC300270AAE /* Preview Assets.xcassets */,
			);
			path = "Preview Content";
			sourceTree = "<group>";
		};
		277AF1F52C5F63BB00270AAE /* Core */ = {
			isa = PBXGroup;
			children = (
				277AF2472C60CD8300270AAE /* WeatherHistoryView */,
				277AF2072C5F9A0200270AAE /* CityDetailView */,
				277AF1F62C5F63C000270AAE /* Cities */,
			);
			path = Core;
			sourceTree = "<group>";
		};
		277AF1F62C5F63C000270AAE /* Cities */ = {
			isa = PBXGroup;
			children = (
				277AF1F72C5F63DB00270AAE /* CitiesView.swift */,
				277AF1F92C5F6E9D00270AAE /* CitiesViewModel.swift */,
				277AF23D2C5FCDDC00270AAE /* CityListRepository.swift */,
			);
			path = Cities;
			sourceTree = "<group>";
		};
		277AF1FB2C5F6EE600270AAE /* Components */ = {
			isa = PBXGroup;
			children = (
				277AF2452C60C72100270AAE /* ImageLoaderView.swift */,
				27D318ED2C610B5700734420 /* LoadingView.swift */,
				27D318EF2C610E8900734420 /* NoDataView.swift */,
				277AF1FE2C5F6F1900270AAE /* CityCell */,
				277AF2502C60E56400270AAE /* WeatherHistoryCell */,
			);
			path = Components;
			sourceTree = "<group>";
		};
		277AF1FE2C5F6F1900270AAE /* CityCell */ = {
			isa = PBXGroup;
			children = (
				277AF1FC2C5F6F0100270AAE /* CityCellView.swift */,
				277AF1FF2C5F6F2A00270AAE /* CityCellViewModel.swift */,
			);
			path = CityCell;
			sourceTree = "<group>";
		};
		277AF2012C5F706500270AAE /* CoreDataManager */ = {
			isa = PBXGroup;
			children = (
				277AF2022C5F708B00270AAE /* CoreDataManager.swift */,
			);
			path = CoreDataManager;
			sourceTree = "<group>";
		};
		277AF2042C5F866C00270AAE /* Models */ = {
			isa = PBXGroup;
			children = (
				277AF2052C5F867900270AAE /* City.swift */,
				277AF22A2C5FA64000270AAE /* Coord.swift */,
				277AF2282C5FA63500270AAE /* Wind.swift */,
				277AF2262C5FA62900270AAE /* Main.swift */,
				277AF23F2C60A94400270AAE /* Weather.swift */,
			);
			path = Models;
			sourceTree = "<group>";
		};
		277AF2072C5F9A0200270AAE /* CityDetailView */ = {
			isa = PBXGroup;
			children = (
				277AF2082C5F9A1D00270AAE /* CityDetailView.swift */,
				277AF2202C5FA1F200270AAE /* CityDetailViewModel.swift */,
				277AF2222C5FA23100270AAE /* CityDetailsRepository.swift */,
			);
			path = CityDetailView;
			sourceTree = "<group>";
		};
		277AF20F2C5F9B7A00270AAE /* DAL */ = {
			isa = PBXGroup;
			children = (
				277AF1EB2C5F5FC300270AAE /* Persistence.swift */,
				277AF20A2C5F9B7A00270AAE /* APIEndpoint.swift */,
				277AF20C2C5F9B7A00270AAE /* CityWeatherDetailsEndpoint.swift */,
				277AF20D2C5F9B7A00270AAE /* ConfigurationManager.swift */,
				277AF22D2C5FAED200270AAE /* NetworkLayerObjc */,
				277AF2012C5F706500270AAE /* CoreDataManager */,
			);
			path = DAL;
			sourceTree = "<group>";
		};
		277AF21A2C5F9E7300270AAE /* Common */ = {
			isa = PBXGroup;
			children = (
				277AF2152C5F9E7300270AAE /* APIError.swift */,
				277AF2172C5F9E7300270AAE /* PresenterState.swift */,
				277AF2392C5FC7B400270AAE /* Int+Extensions.swift */,
				277AF23B2C5FCA5A00270AAE /* UIAlertAction + Extensions.swift */,
				277AF2412C60BF4600270AAE /* Date+Extenstions.swift */,
				277AF2432C60C64400270AAE /* UIConstants.swift */,
			);
			path = Common;
			sourceTree = "<group>";
		};
		277AF22D2C5FAED200270AAE /* NetworkLayerObjc */ = {
			isa = PBXGroup;
			children = (
				277AF2342C5FAFD100270AAE /* URLSessionProtocol.h */,
				277AF22E2C5FAF3C00270AAE /* URLSessionProtocol.m */,
				277AF2362C5FB03800270AAE /* NetworkManager.h */,
				277AF2352C5FAFFC00270AAE /* NetworkManaging.h */,
				277AF2302C5FAF6300270AAE /* NetworkManaging.m */,
				277AF2372C5FB05D00270AAE /* APIEndpoint.h */,
				277AF2322C5FAF8100270AAE /* APIEndpoint.m */,
			);
			path = NetworkLayerObjc;
			sourceTree = "<group>";
		};
		277AF2472C60CD8300270AAE /* WeatherHistoryView */ = {
			isa = PBXGroup;
			children = (
				277AF2482C60CDAC00270AAE /* WeatherHistoryView.swift */,
				277AF24A2C60CDC100270AAE /* WeatherHistoryViewModel.swift */,
			);
			path = WeatherHistoryView;
			sourceTree = "<group>";
		};
		277AF2502C60E56400270AAE /* WeatherHistoryCell */ = {
			isa = PBXGroup;
			children = (
				277AF24C2C60E47C00270AAE /* WeatherHistoryCell.swift */,
				277AF24E2C60E53500270AAE /* WeatherHistoryCellViewModel.swift */,
			);
			path = WeatherHistoryCell;
			sourceTree = "<group>";
		};
		27D319032C614E6A00734420 /* WeatherAppTests */ = {
			isa = PBXGroup;
			children = (
				27D3192B2C61637E00734420 /* DAL */,
				27D319172C6152F000734420 /* MockedData */,
				27D319192C6152F000734420 /* DataLoader */,
				27D3191E2C615AA600734420 /* MockCityListRepository */,
				27D319252C61601C00734420 /* MockCityDetailsRepository */,
				27D3190B2C614EE700734420 /* Cities */,
				27D319222C615D2900734420 /* CityDetails */,
				27D319282C61613600734420 /* WeatherHistory */,
			);
			path = WeatherAppTests;
			sourceTree = "<group>";
		};
		27D3190B2C614EE700734420 /* Cities */ = {
			isa = PBXGroup;
			children = (
				27D319122C6151BE00734420 /* CitiesViewModelTests.swift */,
			);
			path = Cities;
			sourceTree = "<group>";
		};
		27D319172C6152F000734420 /* MockedData */ = {
			isa = PBXGroup;
			children = (
				27D319142C6152F000734420 /* invalid_city_object.json */,
				27D319152C6152F000734420 /* city_collection.json */,
				27D319162C6152F000734420 /* city_object.json */,
			);
			path = MockedData;
			sourceTree = "<group>";
		};
		27D319192C6152F000734420 /* DataLoader */ = {
			isa = PBXGroup;
			children = (
				27D319182C6152F000734420 /* DataLoader.swift */,
			);
			path = DataLoader;
			sourceTree = "<group>";
		};
		27D3191E2C615AA600734420 /* MockCityListRepository */ = {
			isa = PBXGroup;
			children = (
				27D3191F2C615AB100734420 /* MockCityListRepository.swift */,
			);
			path = MockCityListRepository;
			sourceTree = "<group>";
		};
		27D319222C615D2900734420 /* CityDetails */ = {
			isa = PBXGroup;
			children = (
				27D319232C615D4700734420 /* CityDetailViewModelTests.swift */,
			);
			path = CityDetails;
			sourceTree = "<group>";
		};
		27D319252C61601C00734420 /* MockCityDetailsRepository */ = {
			isa = PBXGroup;
			children = (
				27D319262C61603100734420 /* MockCityRepository.swift */,
			);
			path = MockCityDetailsRepository;
			sourceTree = "<group>";
		};
		27D319282C61613600734420 /* WeatherHistory */ = {
			isa = PBXGroup;
			children = (
				27D319292C61614E00734420 /* WeatherHistoryViewModelTests.swift */,
			);
			path = WeatherHistory;
			sourceTree = "<group>";
		};
		27D3192B2C61637E00734420 /* DAL */ = {
			isa = PBXGroup;
			children = (
				27D3192C2C61638A00734420 /* CoreDataManagerTests.swift */,
				27D3192E2C6165F400734420 /* MockURLSession.swift */,
				27D319302C6167F800734420 /* WeatherAppTests-Bridging-Header.h */,
				27D319312C6167F800734420 /* NetworkManagerTests.m */,
			);
			path = DAL;
			sourceTree = "<group>";
		};
/* End PBXGroup section */

/* Begin PBXNativeTarget section */
		277AF1DE2C5F5FC100270AAE /* WeatherApp */ = {
			isa = PBXNativeTarget;
			buildConfigurationList = 277AF1F22C5F5FC300270AAE /* Build configuration list for PBXNativeTarget "WeatherApp" */;
			buildPhases = (
				277AF1DB2C5F5FC100270AAE /* Sources */,
				277AF1DC2C5F5FC100270AAE /* Frameworks */,
				277AF1DD2C5F5FC100270AAE /* Resources */,
			);
			buildRules = (
			);
			dependencies = (
			);
			name = WeatherApp;
			packageProductDependencies = (
			);
			productName = WeatherApp;
			productReference = 277AF1DF2C5F5FC100270AAE /* WeatherApp.app */;
			productType = "com.apple.product-type.application";
		};
		27D319012C614E6A00734420 /* WeatherAppTests */ = {
			isa = PBXNativeTarget;
			buildConfigurationList = 27D319082C614E6B00734420 /* Build configuration list for PBXNativeTarget "WeatherAppTests" */;
			buildPhases = (
				27D318FE2C614E6A00734420 /* Sources */,
				27D318FF2C614E6A00734420 /* Frameworks */,
				27D319002C614E6A00734420 /* Resources */,
			);
			buildRules = (
			);
			dependencies = (
				27D319072C614E6A00734420 /* PBXTargetDependency */,
			);
			name = WeatherAppTests;
			packageProductDependencies = (
			);
			productName = WeatherAppTests;
			productReference = 27D319022C614E6A00734420 /* WeatherAppTests.xctest */;
			productType = "com.apple.product-type.bundle.unit-test";
		};
/* End PBXNativeTarget section */

/* Begin PBXProject section */
		277AF1D72C5F5FC100270AAE /* Project object */ = {
			isa = PBXProject;
			attributes = {
				BuildIndependentTargetsInParallel = 1;
				LastSwiftUpdateCheck = 1540;
				LastUpgradeCheck = 1540;
				TargetAttributes = {
					277AF1DE2C5F5FC100270AAE = {
						CreatedOnToolsVersion = 15.4;
					};
					27D319012C614E6A00734420 = {
						CreatedOnToolsVersion = 15.4;
						LastSwiftMigration = 1540;
						TestTargetID = 277AF1DE2C5F5FC100270AAE;
					};
				};
			};
			buildConfigurationList = 277AF1DA2C5F5FC100270AAE /* Build configuration list for PBXProject "WeatherApp" */;
			compatibilityVersion = "Xcode 14.0";
			developmentRegion = en;
			hasScannedForEncodings = 0;
			knownRegions = (
				en,
				Base,
			);
			mainGroup = 277AF1D62C5F5FC100270AAE;
			packageReferences = (
			);
			productRefGroup = 277AF1E02C5F5FC100270AAE /* Products */;
			projectDirPath = "";
			projectRoot = "";
			targets = (
				277AF1DE2C5F5FC100270AAE /* WeatherApp */,
				27D319012C614E6A00734420 /* WeatherAppTests */,
			);
		};
/* End PBXProject section */

/* Begin PBXResourcesBuildPhase section */
		277AF1DD2C5F5FC100270AAE /* Resources */ = {
			isa = PBXResourcesBuildPhase;
			buildActionMask = 2147483647;
			files = (
				27D318F92C611E2800734420 /* Launch Screen.storyboard in Resources */,
				277AF1EA2C5F5FC300270AAE /* Preview Assets.xcassets in Resources */,
				27D318FD2C61291700734420 /* Localizable.xcstrings in Resources */,
				277AF1E72C5F5FC300270AAE /* Assets.xcassets in Resources */,
			);
			runOnlyForDeploymentPostprocessing = 0;
		};
		27D319002C614E6A00734420 /* Resources */ = {
			isa = PBXResourcesBuildPhase;
			buildActionMask = 2147483647;
			files = (
				27D3191B2C6152F000734420 /* city_collection.json in Resources */,
				27D3191C2C6152F000734420 /* city_object.json in Resources */,
				27D3191A2C6152F000734420 /* invalid_city_object.json in Resources */,
			);
			runOnlyForDeploymentPostprocessing = 0;
		};
/* End PBXResourcesBuildPhase section */

/* Begin PBXSourcesBuildPhase section */
		277AF1DB2C5F5FC100270AAE /* Sources */ = {
			isa = PBXSourcesBuildPhase;
			buildActionMask = 2147483647;
			files = (
				277AF1F82C5F63DB00270AAE /* CitiesView.swift in Sources */,
				277AF2312C5FAF6300270AAE /* NetworkManaging.m in Sources */,
				277AF24F2C60E53500270AAE /* WeatherHistoryCellViewModel.swift in Sources */,
				277AF2102C5F9B7A00270AAE /* APIEndpoint.swift in Sources */,
				277AF1FA2C5F6E9D00270AAE /* CitiesViewModel.swift in Sources */,
				277AF23C2C5FCA5A00270AAE /* UIAlertAction + Extensions.swift in Sources */,
				277AF2462C60C72100270AAE /* ImageLoaderView.swift in Sources */,
				277AF2062C5F867900270AAE /* City.swift in Sources */,
				277AF1EF2C5F5FC300270AAE /* WeatherApp.xcdatamodeld in Sources */,
				277AF24D2C60E47C00270AAE /* WeatherHistoryCell.swift in Sources */,
				277AF2092C5F9A1D00270AAE /* CityDetailView.swift in Sources */,
				277AF2402C60A94400270AAE /* Weather.swift in Sources */,
				277AF1EC2C5F5FC300270AAE /* Persistence.swift in Sources */,
				277AF2332C5FAF8100270AAE /* APIEndpoint.m in Sources */,
				277AF21B2C5F9E7300270AAE /* APIError.swift in Sources */,
				277AF1FD2C5F6F0100270AAE /* CityCellView.swift in Sources */,
				277AF23E2C5FCDDC00270AAE /* CityListRepository.swift in Sources */,
				277AF2492C60CDAD00270AAE /* WeatherHistoryView.swift in Sources */,
				277AF2442C60C64400270AAE /* UIConstants.swift in Sources */,
				277AF23A2C5FC7B400270AAE /* Int+Extensions.swift in Sources */,
				277AF2232C5FA23100270AAE /* CityDetailsRepository.swift in Sources */,
				277AF2122C5F9B7A00270AAE /* CityWeatherDetailsEndpoint.swift in Sources */,
				277AF24B2C60CDC100270AAE /* WeatherHistoryViewModel.swift in Sources */,
				277AF2272C5FA62900270AAE /* Main.swift in Sources */,
				277AF21D2C5F9E7300270AAE /* PresenterState.swift in Sources */,
				27D318F02C610E8900734420 /* NoDataView.swift in Sources */,
				277AF2212C5FA1F200270AAE /* CityDetailViewModel.swift in Sources */,
				277AF2292C5FA63500270AAE /* Wind.swift in Sources */,
				277AF22F2C5FAF3C00270AAE /* URLSessionProtocol.m in Sources */,
				277AF2132C5F9B7A00270AAE /* ConfigurationManager.swift in Sources */,
				277AF2422C60BF4600270AAE /* Date+Extenstions.swift in Sources */,
				277AF22B2C5FA64000270AAE /* Coord.swift in Sources */,
				277AF1E32C5F5FC100270AAE /* WeatherAppApp.swift in Sources */,
				277AF2032C5F708B00270AAE /* CoreDataManager.swift in Sources */,
				27D318EE2C610B5700734420 /* LoadingView.swift in Sources */,
				277AF2002C5F6F2A00270AAE /* CityCellViewModel.swift in Sources */,
			);
			runOnlyForDeploymentPostprocessing = 0;
		};
		27D318FE2C614E6A00734420 /* Sources */ = {
			isa = PBXSourcesBuildPhase;
			buildActionMask = 2147483647;
			files = (
				27D3192F2C6165F400734420 /* MockURLSession.swift in Sources */,
				27D319242C615D4700734420 /* CityDetailViewModelTests.swift in Sources */,
				27D3191D2C6152F000734420 /* DataLoader.swift in Sources */,
				27D3192D2C61638A00734420 /* CoreDataManagerTests.swift in Sources */,
				27D3192A2C61614E00734420 /* WeatherHistoryViewModelTests.swift in Sources */,
				27D319202C615AB100734420 /* MockCityListRepository.swift in Sources */,
				27D319322C6167F800734420 /* NetworkManagerTests.m in Sources */,
				27D319272C61603100734420 /* MockCityRepository.swift in Sources */,
				27D319132C6151BE00734420 /* CitiesViewModelTests.swift in Sources */,
			);
			runOnlyForDeploymentPostprocessing = 0;
		};
/* End PBXSourcesBuildPhase section */

/* Begin PBXTargetDependency section */
		27D319072C614E6A00734420 /* PBXTargetDependency */ = {
			isa = PBXTargetDependency;
			target = 277AF1DE2C5F5FC100270AAE /* WeatherApp */;
			targetProxy = 27D319062C614E6A00734420 /* PBXContainerItemProxy */;
		};
/* End PBXTargetDependency section */

/* Begin XCBuildConfiguration section */
		277AF1F02C5F5FC300270AAE /* Debug */ = {
			isa = XCBuildConfiguration;
			buildSettings = {
				ALWAYS_SEARCH_USER_PATHS = NO;
				ASSETCATALOG_COMPILER_GENERATE_SWIFT_ASSET_SYMBOL_EXTENSIONS = YES;
				CLANG_ANALYZER_NONNULL = YES;
				CLANG_ANALYZER_NUMBER_OBJECT_CONVERSION = YES_AGGRESSIVE;
				CLANG_CXX_LANGUAGE_STANDARD = "gnu++20";
				CLANG_ENABLE_MODULES = YES;
				CLANG_ENABLE_OBJC_ARC = YES;
				CLANG_ENABLE_OBJC_WEAK = YES;
				CLANG_WARN_BLOCK_CAPTURE_AUTORELEASING = YES;
				CLANG_WARN_BOOL_CONVERSION = YES;
				CLANG_WARN_COMMA = YES;
				CLANG_WARN_CONSTANT_CONVERSION = YES;
				CLANG_WARN_DEPRECATED_OBJC_IMPLEMENTATIONS = YES;
				CLANG_WARN_DIRECT_OBJC_ISA_USAGE = YES_ERROR;
				CLANG_WARN_DOCUMENTATION_COMMENTS = YES;
				CLANG_WARN_EMPTY_BODY = YES;
				CLANG_WARN_ENUM_CONVERSION = YES;
				CLANG_WARN_INFINITE_RECURSION = YES;
				CLANG_WARN_INT_CONVERSION = YES;
				CLANG_WARN_NON_LITERAL_NULL_CONVERSION = YES;
				CLANG_WARN_OBJC_IMPLICIT_RETAIN_SELF = YES;
				CLANG_WARN_OBJC_LITERAL_CONVERSION = YES;
				CLANG_WARN_OBJC_ROOT_CLASS = YES_ERROR;
				CLANG_WARN_QUOTED_INCLUDE_IN_FRAMEWORK_HEADER = YES;
				CLANG_WARN_RANGE_LOOP_ANALYSIS = YES;
				CLANG_WARN_STRICT_PROTOTYPES = YES;
				CLANG_WARN_SUSPICIOUS_MOVE = YES;
				CLANG_WARN_UNGUARDED_AVAILABILITY = YES_AGGRESSIVE;
				CLANG_WARN_UNREACHABLE_CODE = YES;
				CLANG_WARN__DUPLICATE_METHOD_MATCH = YES;
				COPY_PHASE_STRIP = NO;
				DEBUG_INFORMATION_FORMAT = dwarf;
				ENABLE_STRICT_OBJC_MSGSEND = YES;
				ENABLE_TESTABILITY = YES;
				ENABLE_USER_SCRIPT_SANDBOXING = YES;
				GCC_C_LANGUAGE_STANDARD = gnu17;
				GCC_DYNAMIC_NO_PIC = NO;
				GCC_NO_COMMON_BLOCKS = YES;
				GCC_OPTIMIZATION_LEVEL = 0;
				GCC_PREPROCESSOR_DEFINITIONS = (
					"DEBUG=1",
					"$(inherited)",
				);
				GCC_WARN_64_TO_32_BIT_CONVERSION = YES;
				GCC_WARN_ABOUT_RETURN_TYPE = YES_ERROR;
				GCC_WARN_UNDECLARED_SELECTOR = YES;
				GCC_WARN_UNINITIALIZED_AUTOS = YES_AGGRESSIVE;
				GCC_WARN_UNUSED_FUNCTION = YES;
				GCC_WARN_UNUSED_VARIABLE = YES;
				IPHONEOS_DEPLOYMENT_TARGET = 17.5;
				LOCALIZATION_PREFERS_STRING_CATALOGS = YES;
				MTL_ENABLE_DEBUG_INFO = INCLUDE_SOURCE;
				MTL_FAST_MATH = YES;
				ONLY_ACTIVE_ARCH = YES;
				SDKROOT = iphoneos;
				SWIFT_ACTIVE_COMPILATION_CONDITIONS = "DEBUG $(inherited)";
				SWIFT_OPTIMIZATION_LEVEL = "-Onone";
			};
			name = Debug;
		};
		277AF1F12C5F5FC300270AAE /* Release */ = {
			isa = XCBuildConfiguration;
			buildSettings = {
				ALWAYS_SEARCH_USER_PATHS = NO;
				ASSETCATALOG_COMPILER_GENERATE_SWIFT_ASSET_SYMBOL_EXTENSIONS = YES;
				CLANG_ANALYZER_NONNULL = YES;
				CLANG_ANALYZER_NUMBER_OBJECT_CONVERSION = YES_AGGRESSIVE;
				CLANG_CXX_LANGUAGE_STANDARD = "gnu++20";
				CLANG_ENABLE_MODULES = YES;
				CLANG_ENABLE_OBJC_ARC = YES;
				CLANG_ENABLE_OBJC_WEAK = YES;
				CLANG_WARN_BLOCK_CAPTURE_AUTORELEASING = YES;
				CLANG_WARN_BOOL_CONVERSION = YES;
				CLANG_WARN_COMMA = YES;
				CLANG_WARN_CONSTANT_CONVERSION = YES;
				CLANG_WARN_DEPRECATED_OBJC_IMPLEMENTATIONS = YES;
				CLANG_WARN_DIRECT_OBJC_ISA_USAGE = YES_ERROR;
				CLANG_WARN_DOCUMENTATION_COMMENTS = YES;
				CLANG_WARN_EMPTY_BODY = YES;
				CLANG_WARN_ENUM_CONVERSION = YES;
				CLANG_WARN_INFINITE_RECURSION = YES;
				CLANG_WARN_INT_CONVERSION = YES;
				CLANG_WARN_NON_LITERAL_NULL_CONVERSION = YES;
				CLANG_WARN_OBJC_IMPLICIT_RETAIN_SELF = YES;
				CLANG_WARN_OBJC_LITERAL_CONVERSION = YES;
				CLANG_WARN_OBJC_ROOT_CLASS = YES_ERROR;
				CLANG_WARN_QUOTED_INCLUDE_IN_FRAMEWORK_HEADER = YES;
				CLANG_WARN_RANGE_LOOP_ANALYSIS = YES;
				CLANG_WARN_STRICT_PROTOTYPES = YES;
				CLANG_WARN_SUSPICIOUS_MOVE = YES;
				CLANG_WARN_UNGUARDED_AVAILABILITY = YES_AGGRESSIVE;
				CLANG_WARN_UNREACHABLE_CODE = YES;
				CLANG_WARN__DUPLICATE_METHOD_MATCH = YES;
				COPY_PHASE_STRIP = NO;
				DEBUG_INFORMATION_FORMAT = "dwarf-with-dsym";
				ENABLE_NS_ASSERTIONS = NO;
				ENABLE_STRICT_OBJC_MSGSEND = YES;
				ENABLE_USER_SCRIPT_SANDBOXING = YES;
				GCC_C_LANGUAGE_STANDARD = gnu17;
				GCC_NO_COMMON_BLOCKS = YES;
				GCC_WARN_64_TO_32_BIT_CONVERSION = YES;
				GCC_WARN_ABOUT_RETURN_TYPE = YES_ERROR;
				GCC_WARN_UNDECLARED_SELECTOR = YES;
				GCC_WARN_UNINITIALIZED_AUTOS = YES_AGGRESSIVE;
				GCC_WARN_UNUSED_FUNCTION = YES;
				GCC_WARN_UNUSED_VARIABLE = YES;
				IPHONEOS_DEPLOYMENT_TARGET = 17.5;
				LOCALIZATION_PREFERS_STRING_CATALOGS = YES;
				MTL_ENABLE_DEBUG_INFO = NO;
				MTL_FAST_MATH = YES;
				SDKROOT = iphoneos;
				SWIFT_COMPILATION_MODE = wholemodule;
				VALIDATE_PRODUCT = YES;
			};
			name = Release;
		};
		277AF1F32C5F5FC300270AAE /* Debug */ = {
			isa = XCBuildConfiguration;
			buildSettings = {
				ASSETCATALOG_COMPILER_APPICON_NAME = AppIcon;
				ASSETCATALOG_COMPILER_GLOBAL_ACCENT_COLOR_NAME = AccentColor;
				CODE_SIGN_STYLE = Automatic;
				CURRENT_PROJECT_VERSION = 1;
				DEVELOPMENT_ASSET_PATHS = "\"WeatherApp/Preview Content\"";
				DEVELOPMENT_TEAM = VU797BVF5X;
				ENABLE_PREVIEWS = YES;
				GENERATE_INFOPLIST_FILE = YES;
				INFOPLIST_FILE = WeatherApp/Info.plist;
				INFOPLIST_KEY_CFBundleDisplayName = WeatherApp;
				INFOPLIST_KEY_UIApplicationSceneManifest_Generation = YES;
				INFOPLIST_KEY_UIApplicationSupportsIndirectInputEvents = YES;
				INFOPLIST_KEY_UILaunchScreen_Generation = YES;
				INFOPLIST_KEY_UILaunchStoryboardName = "Launch Screen.storyboard";
				INFOPLIST_KEY_UISupportedInterfaceOrientations = UIInterfaceOrientationPortrait;
				INFOPLIST_KEY_UISupportedInterfaceOrientations_iPad = "UIInterfaceOrientationLandscapeLeft UIInterfaceOrientationLandscapeRight UIInterfaceOrientationPortrait UIInterfaceOrientationPortraitUpsideDown";
				IPHONEOS_DEPLOYMENT_TARGET = 15.0;
				LD_RUNPATH_SEARCH_PATHS = (
					"$(inherited)",
					"@executable_path/Frameworks",
				);
				MARKETING_VERSION = 1.0;
				PRODUCT_BUNDLE_IDENTIFIER = co.PlanRadar.WeatherApp;
				PRODUCT_NAME = "$(TARGET_NAME)";
				SUPPORTED_PLATFORMS = "iphoneos iphonesimulator";
				SUPPORTS_MACCATALYST = NO;
				SUPPORTS_MAC_DESIGNED_FOR_IPHONE_IPAD = NO;
				SUPPORTS_XR_DESIGNED_FOR_IPHONE_IPAD = NO;
				SWIFT_EMIT_LOC_STRINGS = YES;
				SWIFT_OBJC_BRIDGING_HEADER = "WeatherApp-Bridging-Header.h";
				SWIFT_VERSION = 5.0;
				TARGETED_DEVICE_FAMILY = 1;
			};
			name = Debug;
		};
		277AF1F42C5F5FC300270AAE /* Release */ = {
			isa = XCBuildConfiguration;
			buildSettings = {
				ASSETCATALOG_COMPILER_APPICON_NAME = AppIcon;
				ASSETCATALOG_COMPILER_GLOBAL_ACCENT_COLOR_NAME = AccentColor;
				CODE_SIGN_STYLE = Automatic;
				CURRENT_PROJECT_VERSION = 1;
				DEVELOPMENT_ASSET_PATHS = "\"WeatherApp/Preview Content\"";
				DEVELOPMENT_TEAM = VU797BVF5X;
				ENABLE_PREVIEWS = YES;
				GENERATE_INFOPLIST_FILE = YES;
				INFOPLIST_FILE = WeatherApp/Info.plist;
				INFOPLIST_KEY_CFBundleDisplayName = WeatherApp;
				INFOPLIST_KEY_UIApplicationSceneManifest_Generation = YES;
				INFOPLIST_KEY_UIApplicationSupportsIndirectInputEvents = YES;
				INFOPLIST_KEY_UILaunchScreen_Generation = YES;
				INFOPLIST_KEY_UILaunchStoryboardName = "Launch Screen.storyboard";
				INFOPLIST_KEY_UISupportedInterfaceOrientations = UIInterfaceOrientationPortrait;
				INFOPLIST_KEY_UISupportedInterfaceOrientations_iPad = "UIInterfaceOrientationLandscapeLeft UIInterfaceOrientationLandscapeRight UIInterfaceOrientationPortrait UIInterfaceOrientationPortraitUpsideDown";
				IPHONEOS_DEPLOYMENT_TARGET = 15.0;
				LD_RUNPATH_SEARCH_PATHS = (
					"$(inherited)",
					"@executable_path/Frameworks",
				);
				MARKETING_VERSION = 1.0;
				PRODUCT_BUNDLE_IDENTIFIER = co.PlanRadar.WeatherApp;
				PRODUCT_NAME = "$(TARGET_NAME)";
				SUPPORTED_PLATFORMS = "iphoneos iphonesimulator";
				SUPPORTS_MACCATALYST = NO;
				SUPPORTS_MAC_DESIGNED_FOR_IPHONE_IPAD = NO;
				SUPPORTS_XR_DESIGNED_FOR_IPHONE_IPAD = NO;
				SWIFT_EMIT_LOC_STRINGS = YES;
				SWIFT_OBJC_BRIDGING_HEADER = "WeatherApp-Bridging-Header.h";
				SWIFT_VERSION = 5.0;
				TARGETED_DEVICE_FAMILY = 1;
			};
			name = Release;
		};
		27D319092C614E6B00734420 /* Debug */ = {
			isa = XCBuildConfiguration;
			buildSettings = {
				BUNDLE_LOADER = "$(TEST_HOST)";
				CLANG_ENABLE_MODULES = YES;
				CODE_SIGN_STYLE = Automatic;
				CURRENT_PROJECT_VERSION = 1;
				DEVELOPMENT_TEAM = VU797BVF5X;
				GENERATE_INFOPLIST_FILE = YES;
				MARKETING_VERSION = 1.0;
				PRODUCT_BUNDLE_IDENTIFIER = co.PlanRadar.WeatherAppTests;
				PRODUCT_NAME = "$(TARGET_NAME)";
				SUPPORTED_PLATFORMS = "iphoneos iphonesimulator";
				SUPPORTS_MACCATALYST = NO;
				SUPPORTS_MAC_DESIGNED_FOR_IPHONE_IPAD = NO;
				SUPPORTS_XR_DESIGNED_FOR_IPHONE_IPAD = NO;
				SWIFT_EMIT_LOC_STRINGS = NO;
				SWIFT_OBJC_BRIDGING_HEADER = "WeatherAppTests/DAL/WeatherAppTests-Bridging-Header.h";
				SWIFT_OPTIMIZATION_LEVEL = "-Onone";
				SWIFT_VERSION = 5.0;
				TARGETED_DEVICE_FAMILY = 1;
				TEST_HOST = "$(BUILT_PRODUCTS_DIR)/WeatherApp.app/$(BUNDLE_EXECUTABLE_FOLDER_PATH)/WeatherApp";
			};
			name = Debug;
		};
		27D3190A2C614E6B00734420 /* Release */ = {
			isa = XCBuildConfiguration;
			buildSettings = {
				BUNDLE_LOADER = "$(TEST_HOST)";
				CLANG_ENABLE_MODULES = YES;
				CODE_SIGN_STYLE = Automatic;
				CURRENT_PROJECT_VERSION = 1;
				DEVELOPMENT_TEAM = VU797BVF5X;
				GENERATE_INFOPLIST_FILE = YES;
				MARKETING_VERSION = 1.0;
				PRODUCT_BUNDLE_IDENTIFIER = co.PlanRadar.WeatherAppTests;
				PRODUCT_NAME = "$(TARGET_NAME)";
				SUPPORTED_PLATFORMS = "iphoneos iphonesimulator";
				SUPPORTS_MACCATALYST = NO;
				SUPPORTS_MAC_DESIGNED_FOR_IPHONE_IPAD = NO;
				SUPPORTS_XR_DESIGNED_FOR_IPHONE_IPAD = NO;
				SWIFT_EMIT_LOC_STRINGS = NO;
				SWIFT_OBJC_BRIDGING_HEADER = "WeatherAppTests/DAL/WeatherAppTests-Bridging-Header.h";
				SWIFT_VERSION = 5.0;
				TARGETED_DEVICE_FAMILY = 1;
				TEST_HOST = "$(BUILT_PRODUCTS_DIR)/WeatherApp.app/$(BUNDLE_EXECUTABLE_FOLDER_PATH)/WeatherApp";
			};
			name = Release;
		};
/* End XCBuildConfiguration section */

/* Begin XCConfigurationList section */
		277AF1DA2C5F5FC100270AAE /* Build configuration list for PBXProject "WeatherApp" */ = {
			isa = XCConfigurationList;
			buildConfigurations = (
				277AF1F02C5F5FC300270AAE /* Debug */,
				277AF1F12C5F5FC300270AAE /* Release */,
			);
			defaultConfigurationIsVisible = 0;
			defaultConfigurationName = Release;
		};
		277AF1F22C5F5FC300270AAE /* Build configuration list for PBXNativeTarget "WeatherApp" */ = {
			isa = XCConfigurationList;
			buildConfigurations = (
				277AF1F32C5F5FC300270AAE /* Debug */,
				277AF1F42C5F5FC300270AAE /* Release */,
			);
			defaultConfigurationIsVisible = 0;
			defaultConfigurationName = Release;
		};
		27D319082C614E6B00734420 /* Build configuration list for PBXNativeTarget "WeatherAppTests" */ = {
			isa = XCConfigurationList;
			buildConfigurations = (
				27D319092C614E6B00734420 /* Debug */,
				27D3190A2C614E6B00734420 /* Release */,
			);
			defaultConfigurationIsVisible = 0;
			defaultConfigurationName = Release;
		};
/* End XCConfigurationList section */

/* Begin XCVersionGroup section */
		277AF1ED2C5F5FC300270AAE /* WeatherApp.xcdatamodeld */ = {
			isa = XCVersionGroup;
			children = (
				277AF1EE2C5F5FC300270AAE /* WeatherApp.xcdatamodel */,
			);
			currentVersion = 277AF1EE2C5F5FC300270AAE /* WeatherApp.xcdatamodel */;
			path = WeatherApp.xcdatamodeld;
			sourceTree = "<group>";
			versionGroupType = wrapper.xcdatamodel;
		};
/* End XCVersionGroup section */
	};
	rootObject = 277AF1D72C5F5FC100270AAE /* Project object */;
}
